// !$*UTF8*$!
{
	archiveVersion = 1;
	classes = {
	};
	objectVersion = 50;
	objects = {

/* Begin PBXBuildFile section */
		8037F621251A0F2D00FBD5B7 /* Dialog.swift in Sources */ = {isa = PBXBuildFile; fileRef = 8037F620251A0F2D00FBD5B7 /* Dialog.swift */; };
		D96A7B5F809CD8C2A40ABEAC /* Pods_Dialog.framework in Frameworks */ = {isa = PBXBuildFile; fileRef = 4FF5EFDDD564241FCC95C841 /* Pods_Dialog.framework */; };
		EC48E2CB24F9760F0089EF45 /* DialogAppDelegate.swift in Sources */ = {isa = PBXBuildFile; fileRef = EC48E2CA24F9760F0089EF45 /* DialogAppDelegate.swift */; };
		EC9805D42515642B00FA257D /* DistributeProducts.sh in Resources */ = {isa = PBXBuildFile; fileRef = EC9805D32515642B00FA257D /* DistributeProducts.sh */; };
		EC9F5EA5251BD4E1002615EB /* Dialog.h in Headers */ = {isa = PBXBuildFile; fileRef = ECEC374524F8B9BD001FD1B9 /* Dialog.h */; settings = {ATTRIBUTES = (Public, ); }; };
		EC9F5EA7251BD4E1002615EB /* CommonConfigurator.swift in Sources */ = {isa = PBXBuildFile; fileRef = ECEC37CA24F92243001FD1B9 /* CommonConfigurator.swift */; };
		EC9F5EBF251BD6DC002615EB /* Dialog.h in Headers */ = {isa = PBXBuildFile; fileRef = ECEC374524F8B9BD001FD1B9 /* Dialog.h */; settings = {ATTRIBUTES = (Public, ); }; };
		EC9F5EC1251BD6DC002615EB /* CommonConfigurator.swift in Sources */ = {isa = PBXBuildFile; fileRef = ECEC37CA24F92243001FD1B9 /* CommonConfigurator.swift */; };
		ECAF99DB251CF53E009AFABB /* Dialog_iOS.framework in Frameworks */ = {isa = PBXBuildFile; fileRef = EC158D8325038DCB00D627AC /* Dialog_iOS.framework */; };
		ECAF99DC251CF53E009AFABB /* Dialog_iOS.framework in Embed Frameworks */ = {isa = PBXBuildFile; fileRef = EC158D8325038DCB00D627AC /* Dialog_iOS.framework */; settings = {ATTRIBUTES = (CodeSignOnCopy, RemoveHeadersOnCopy, ); }; };
		ECAF99DD251CF53E009AFABB /* DialogAuth.framework in Frameworks */ = {isa = PBXBuildFile; fileRef = EC158D8525038DCB00D627AC /* DialogAuth.framework */; };
		ECAF99DE251CF53E009AFABB /* DialogAuth.framework in Embed Frameworks */ = {isa = PBXBuildFile; fileRef = EC158D8525038DCB00D627AC /* DialogAuth.framework */; settings = {ATTRIBUTES = (CodeSignOnCopy, RemoveHeadersOnCopy, ); }; };
		ECAF99DF251CF53E009AFABB /* DialogBasics.framework in Frameworks */ = {isa = PBXBuildFile; fileRef = EC158D8025038DCB00D627AC /* DialogBasics.framework */; };
		ECAF99E0251CF53E009AFABB /* DialogBasics.framework in Embed Frameworks */ = {isa = PBXBuildFile; fileRef = EC158D8025038DCB00D627AC /* DialogBasics.framework */; settings = {ATTRIBUTES = (CodeSignOnCopy, RemoveHeadersOnCopy, ); }; };
		ECAF99E1251CF53E009AFABB /* DialogCalls.framework in Frameworks */ = {isa = PBXBuildFile; fileRef = EC158D8225038DCB00D627AC /* DialogCalls.framework */; };
		ECAF99E2251CF53E009AFABB /* DialogCalls.framework in Embed Frameworks */ = {isa = PBXBuildFile; fileRef = EC158D8225038DCB00D627AC /* DialogCalls.framework */; settings = {ATTRIBUTES = (CodeSignOnCopy, RemoveHeadersOnCopy, ); }; };
		ECAF99E3251CF53E009AFABB /* DialogFeatureFlags.framework in Frameworks */ = {isa = PBXBuildFile; fileRef = EC158D7F25038DCB00D627AC /* DialogFeatureFlags.framework */; };
		ECAF99E4251CF53E009AFABB /* DialogFeatureFlags.framework in Embed Frameworks */ = {isa = PBXBuildFile; fileRef = EC158D7F25038DCB00D627AC /* DialogFeatureFlags.framework */; settings = {ATTRIBUTES = (CodeSignOnCopy, RemoveHeadersOnCopy, ); }; };
		ECAF99E5251CF53E009AFABB /* DialogFiles.framework in Frameworks */ = {isa = PBXBuildFile; fileRef = EC158D7825038DCB00D627AC /* DialogFiles.framework */; };
		ECAF99E6251CF53E009AFABB /* DialogFiles.framework in Embed Frameworks */ = {isa = PBXBuildFile; fileRef = EC158D7825038DCB00D627AC /* DialogFiles.framework */; settings = {ATTRIBUTES = (CodeSignOnCopy, RemoveHeadersOnCopy, ); }; };
		ECAF99E7251CF53E009AFABB /* DialogFilter.framework in Frameworks */ = {isa = PBXBuildFile; fileRef = EC158D8D25038DCC00D627AC /* DialogFilter.framework */; };
		ECAF99E8251CF53E009AFABB /* DialogFilter.framework in Embed Frameworks */ = {isa = PBXBuildFile; fileRef = EC158D8D25038DCC00D627AC /* DialogFilter.framework */; settings = {ATTRIBUTES = (CodeSignOnCopy, RemoveHeadersOnCopy, ); }; };
		ECAF99E9251CF53E009AFABB /* DialogMessaging.framework in Frameworks */ = {isa = PBXBuildFile; fileRef = EC158D8825038DCC00D627AC /* DialogMessaging.framework */; };
		ECAF99EA251CF53E009AFABB /* DialogMessaging.framework in Embed Frameworks */ = {isa = PBXBuildFile; fileRef = EC158D8825038DCC00D627AC /* DialogMessaging.framework */; settings = {ATTRIBUTES = (CodeSignOnCopy, RemoveHeadersOnCopy, ); }; };
		ECAF99EB251CF53E009AFABB /* DialogMetrics.framework in Frameworks */ = {isa = PBXBuildFile; fileRef = EC158D8F25038DCC00D627AC /* DialogMetrics.framework */; };
		ECAF99EC251CF53E009AFABB /* DialogMetrics.framework in Embed Frameworks */ = {isa = PBXBuildFile; fileRef = EC158D8F25038DCC00D627AC /* DialogMetrics.framework */; settings = {ATTRIBUTES = (CodeSignOnCopy, RemoveHeadersOnCopy, ); }; };
		ECAF99ED251CF53E009AFABB /* DialogMuteSettingsService.framework in Frameworks */ = {isa = PBXBuildFile; fileRef = EC158D7E25038DCB00D627AC /* DialogMuteSettingsService.framework */; };
		ECAF99EE251CF53E009AFABB /* DialogMuteSettingsService.framework in Embed Frameworks */ = {isa = PBXBuildFile; fileRef = EC158D7E25038DCB00D627AC /* DialogMuteSettingsService.framework */; settings = {ATTRIBUTES = (CodeSignOnCopy, RemoveHeadersOnCopy, ); }; };
		ECAF99EF251CF53E009AFABB /* DialogNetService.framework in Frameworks */ = {isa = PBXBuildFile; fileRef = EC158D8625038DCC00D627AC /* DialogNetService.framework */; };
		ECAF99F0251CF53E009AFABB /* DialogNetService.framework in Embed Frameworks */ = {isa = PBXBuildFile; fileRef = EC158D8625038DCC00D627AC /* DialogNetService.framework */; settings = {ATTRIBUTES = (CodeSignOnCopy, RemoveHeadersOnCopy, ); }; };
		ECAF99F1251CF53E009AFABB /* DialogNetworking.framework in Frameworks */ = {isa = PBXBuildFile; fileRef = EC158D7525038DCB00D627AC /* DialogNetworking.framework */; };
		ECAF99F2251CF53E009AFABB /* DialogNetworking.framework in Embed Frameworks */ = {isa = PBXBuildFile; fileRef = EC158D7525038DCB00D627AC /* DialogNetworking.framework */; settings = {ATTRIBUTES = (CodeSignOnCopy, RemoveHeadersOnCopy, ); }; };
		ECAF99F3251CF53E009AFABB /* DialogNotifications.framework in Frameworks */ = {isa = PBXBuildFile; fileRef = EC158D8125038DCB00D627AC /* DialogNotifications.framework */; };
		ECAF99F4251CF53E009AFABB /* DialogNotifications.framework in Embed Frameworks */ = {isa = PBXBuildFile; fileRef = EC158D8125038DCB00D627AC /* DialogNotifications.framework */; settings = {ATTRIBUTES = (CodeSignOnCopy, RemoveHeadersOnCopy, ); }; };
		ECAF99F5251CF53E009AFABB /* DialogPasscode.framework in Frameworks */ = {isa = PBXBuildFile; fileRef = EC158D7A25038DCB00D627AC /* DialogPasscode.framework */; };
		ECAF99F6251CF53E009AFABB /* DialogPasscode.framework in Embed Frameworks */ = {isa = PBXBuildFile; fileRef = EC158D7A25038DCB00D627AC /* DialogPasscode.framework */; settings = {ATTRIBUTES = (CodeSignOnCopy, RemoveHeadersOnCopy, ); }; };
		ECAF99F7251CF53F009AFABB /* DialogPasscodeUI.framework in Frameworks */ = {isa = PBXBuildFile; fileRef = EC158D8E25038DCC00D627AC /* DialogPasscodeUI.framework */; };
		ECAF99F8251CF53F009AFABB /* DialogPasscodeUI.framework in Embed Frameworks */ = {isa = PBXBuildFile; fileRef = EC158D8E25038DCC00D627AC /* DialogPasscodeUI.framework */; settings = {ATTRIBUTES = (CodeSignOnCopy, RemoveHeadersOnCopy, ); }; };
		ECAF99F9251CF53F009AFABB /* DialogPrivateProfile.framework in Frameworks */ = {isa = PBXBuildFile; fileRef = EC158D7625038DCB00D627AC /* DialogPrivateProfile.framework */; };
		ECAF99FA251CF53F009AFABB /* DialogPrivateProfile.framework in Embed Frameworks */ = {isa = PBXBuildFile; fileRef = EC158D7625038DCB00D627AC /* DialogPrivateProfile.framework */; settings = {ATTRIBUTES = (CodeSignOnCopy, RemoveHeadersOnCopy, ); }; };
		ECAF99FB251CF53F009AFABB /* DialogProtocols.framework in Frameworks */ = {isa = PBXBuildFile; fileRef = EC158D8925038DCC00D627AC /* DialogProtocols.framework */; };
		ECAF99FC251CF53F009AFABB /* DialogProtocols.framework in Embed Frameworks */ = {isa = PBXBuildFile; fileRef = EC158D8925038DCC00D627AC /* DialogProtocols.framework */; settings = {ATTRIBUTES = (CodeSignOnCopy, RemoveHeadersOnCopy, ); }; };
		ECAF99FD251CF53F009AFABB /* DialogRx.framework in Frameworks */ = {isa = PBXBuildFile; fileRef = EC158D7725038DCB00D627AC /* DialogRx.framework */; };
		ECAF99FE251CF53F009AFABB /* DialogRx.framework in Embed Frameworks */ = {isa = PBXBuildFile; fileRef = EC158D7725038DCB00D627AC /* DialogRx.framework */; settings = {ATTRIBUTES = (CodeSignOnCopy, RemoveHeadersOnCopy, ); }; };
		ECAF99FF251CF53F009AFABB /* DialogSearching.framework in Frameworks */ = {isa = PBXBuildFile; fileRef = EC158D8A25038DCC00D627AC /* DialogSearching.framework */; };
		ECAF9A00251CF53F009AFABB /* DialogSearching.framework in Embed Frameworks */ = {isa = PBXBuildFile; fileRef = EC158D8A25038DCC00D627AC /* DialogSearching.framework */; settings = {ATTRIBUTES = (CodeSignOnCopy, RemoveHeadersOnCopy, ); }; };
		ECAF9A01251CF53F009AFABB /* DialogSecureStorage.framework in Frameworks */ = {isa = PBXBuildFile; fileRef = EC158D8425038DCB00D627AC /* DialogSecureStorage.framework */; };
		ECAF9A02251CF53F009AFABB /* DialogSecureStorage.framework in Embed Frameworks */ = {isa = PBXBuildFile; fileRef = EC158D8425038DCB00D627AC /* DialogSecureStorage.framework */; settings = {ATTRIBUTES = (CodeSignOnCopy, RemoveHeadersOnCopy, ); }; };
		ECAF9A03251CF53F009AFABB /* DialogSettingsConfigService.framework in Frameworks */ = {isa = PBXBuildFile; fileRef = EC158D8B25038DCC00D627AC /* DialogSettingsConfigService.framework */; };
		ECAF9A04251CF53F009AFABB /* DialogSettingsConfigService.framework in Embed Frameworks */ = {isa = PBXBuildFile; fileRef = EC158D8B25038DCC00D627AC /* DialogSettingsConfigService.framework */; settings = {ATTRIBUTES = (CodeSignOnCopy, RemoveHeadersOnCopy, ); }; };
		ECAF9A05251CF53F009AFABB /* DialogSharedComponents.framework in Frameworks */ = {isa = PBXBuildFile; fileRef = EC158D7C25038DCB00D627AC /* DialogSharedComponents.framework */; };
		ECAF9A06251CF53F009AFABB /* DialogSharedComponents.framework in Embed Frameworks */ = {isa = PBXBuildFile; fileRef = EC158D7C25038DCB00D627AC /* DialogSharedComponents.framework */; settings = {ATTRIBUTES = (CodeSignOnCopy, RemoveHeadersOnCopy, ); }; };
		ECAF9A07251CF53F009AFABB /* DialogSpeech.framework in Frameworks */ = {isa = PBXBuildFile; fileRef = EC158D7925038DCB00D627AC /* DialogSpeech.framework */; };
		ECAF9A08251CF53F009AFABB /* DialogSpeech.framework in Embed Frameworks */ = {isa = PBXBuildFile; fileRef = EC158D7925038DCB00D627AC /* DialogSpeech.framework */; settings = {ATTRIBUTES = (CodeSignOnCopy, RemoveHeadersOnCopy, ); }; };
		ECAF9A09251CF53F009AFABB /* DialogStorage.framework in Frameworks */ = {isa = PBXBuildFile; fileRef = EC158D7B25038DCB00D627AC /* DialogStorage.framework */; };
		ECAF9A0A251CF53F009AFABB /* DialogStorage.framework in Embed Frameworks */ = {isa = PBXBuildFile; fileRef = EC158D7B25038DCB00D627AC /* DialogStorage.framework */; settings = {ATTRIBUTES = (CodeSignOnCopy, RemoveHeadersOnCopy, ); }; };
		ECAF9A0B251CF53F009AFABB /* DialogSwiftGRPCExtra.framework in Frameworks */ = {isa = PBXBuildFile; fileRef = EC158D8725038DCC00D627AC /* DialogSwiftGRPCExtra.framework */; };
		ECAF9A0C251CF53F009AFABB /* DialogSwiftGRPCExtra.framework in Embed Frameworks */ = {isa = PBXBuildFile; fileRef = EC158D8725038DCC00D627AC /* DialogSwiftGRPCExtra.framework */; settings = {ATTRIBUTES = (CodeSignOnCopy, RemoveHeadersOnCopy, ); }; };
		ECAF9A0D251CF53F009AFABB /* DialogUserTiedSecIdentityStorage.framework in Frameworks */ = {isa = PBXBuildFile; fileRef = EC158D7D25038DCB00D627AC /* DialogUserTiedSecIdentityStorage.framework */; };
		ECAF9A0E251CF53F009AFABB /* DialogUserTiedSecIdentityStorage.framework in Embed Frameworks */ = {isa = PBXBuildFile; fileRef = EC158D7D25038DCB00D627AC /* DialogUserTiedSecIdentityStorage.framework */; settings = {ATTRIBUTES = (CodeSignOnCopy, RemoveHeadersOnCopy, ); }; };
		ECAF9A0F251CF53F009AFABB /* OpusIOS.framework in Frameworks */ = {isa = PBXBuildFile; fileRef = EC158D8C25038DCC00D627AC /* OpusIOS.framework */; };
		ECAF9A10251CF53F009AFABB /* OpusIOS.framework in Embed Frameworks */ = {isa = PBXBuildFile; fileRef = EC158D8C25038DCC00D627AC /* OpusIOS.framework */; settings = {ATTRIBUTES = (CodeSignOnCopy, RemoveHeadersOnCopy, ); }; };
		ECEC374724F8B9BD001FD1B9 /* Dialog.h in Headers */ = {isa = PBXBuildFile; fileRef = ECEC374524F8B9BD001FD1B9 /* Dialog.h */; settings = {ATTRIBUTES = (Public, ); }; };
		ECEC378D24F8C55C001FD1B9 /* Dialog.h in Headers */ = {isa = PBXBuildFile; fileRef = ECEC374524F8B9BD001FD1B9 /* Dialog.h */; settings = {ATTRIBUTES = (Public, ); }; };
		ECEC379824F8C560001FD1B9 /* Dialog.h in Headers */ = {isa = PBXBuildFile; fileRef = ECEC374524F8B9BD001FD1B9 /* Dialog.h */; settings = {ATTRIBUTES = (Public, ); }; };
		ECEC37CB24F92243001FD1B9 /* CommonConfigurator.swift in Sources */ = {isa = PBXBuildFile; fileRef = ECEC37CA24F92243001FD1B9 /* CommonConfigurator.swift */; };
		ECEC37CF24F92253001FD1B9 /* Configurator.swift in Sources */ = {isa = PBXBuildFile; fileRef = ECEC37CD24F92253001FD1B9 /* Configurator.swift */; };
		ECEC37D024F9226C001FD1B9 /* CommonConfigurator.swift in Sources */ = {isa = PBXBuildFile; fileRef = ECEC37CA24F92243001FD1B9 /* CommonConfigurator.swift */; };
		ECEC37D124F9226D001FD1B9 /* CommonConfigurator.swift in Sources */ = {isa = PBXBuildFile; fileRef = ECEC37CA24F92243001FD1B9 /* CommonConfigurator.swift */; };
/* End PBXBuildFile section */

/* Begin PBXCopyFilesBuildPhase section */
		ECAF9A11251CF53F009AFABB /* Embed Frameworks */ = {
			isa = PBXCopyFilesBuildPhase;
			buildActionMask = 2147483647;
			dstPath = "";
			dstSubfolderSpec = 10;
			files = (
				ECAF99F6251CF53E009AFABB /* DialogPasscode.framework in Embed Frameworks */,
				ECAF99EE251CF53E009AFABB /* DialogMuteSettingsService.framework in Embed Frameworks */,
				ECAF99F0251CF53E009AFABB /* DialogNetService.framework in Embed Frameworks */,
				ECAF99F2251CF53E009AFABB /* DialogNetworking.framework in Embed Frameworks */,
				ECAF9A00251CF53F009AFABB /* DialogSearching.framework in Embed Frameworks */,
				ECAF9A0E251CF53F009AFABB /* DialogUserTiedSecIdentityStorage.framework in Embed Frameworks */,
				ECAF99E4251CF53E009AFABB /* DialogFeatureFlags.framework in Embed Frameworks */,
				ECAF99E2251CF53E009AFABB /* DialogCalls.framework in Embed Frameworks */,
				ECAF99FA251CF53F009AFABB /* DialogPrivateProfile.framework in Embed Frameworks */,
				ECAF9A08251CF53F009AFABB /* DialogSpeech.framework in Embed Frameworks */,
				ECAF99EC251CF53E009AFABB /* DialogMetrics.framework in Embed Frameworks */,
				ECAF9A04251CF53F009AFABB /* DialogSettingsConfigService.framework in Embed Frameworks */,
				ECAF9A0C251CF53F009AFABB /* DialogSwiftGRPCExtra.framework in Embed Frameworks */,
				ECAF9A02251CF53F009AFABB /* DialogSecureStorage.framework in Embed Frameworks */,
				ECAF99DE251CF53E009AFABB /* DialogAuth.framework in Embed Frameworks */,
				ECAF9A06251CF53F009AFABB /* DialogSharedComponents.framework in Embed Frameworks */,
				ECAF99EA251CF53E009AFABB /* DialogMessaging.framework in Embed Frameworks */,
				ECAF9A10251CF53F009AFABB /* OpusIOS.framework in Embed Frameworks */,
				ECAF99F4251CF53E009AFABB /* DialogNotifications.framework in Embed Frameworks */,
				ECAF9A0A251CF53F009AFABB /* DialogStorage.framework in Embed Frameworks */,
				ECAF99DC251CF53E009AFABB /* Dialog_iOS.framework in Embed Frameworks */,
				ECAF99FC251CF53F009AFABB /* DialogProtocols.framework in Embed Frameworks */,
				ECAF99E6251CF53E009AFABB /* DialogFiles.framework in Embed Frameworks */,
				ECAF99F8251CF53F009AFABB /* DialogPasscodeUI.framework in Embed Frameworks */,
				ECAF99E0251CF53E009AFABB /* DialogBasics.framework in Embed Frameworks */,
				ECAF99FE251CF53F009AFABB /* DialogRx.framework in Embed Frameworks */,
				ECAF99E8251CF53E009AFABB /* DialogFilter.framework in Embed Frameworks */,
			);
			name = "Embed Frameworks";
			runOnlyForDeploymentPostprocessing = 0;
		};
/* End PBXCopyFilesBuildPhase section */

/* Begin PBXFileReference section */
		4FF5EFDDD564241FCC95C841 /* Pods_Dialog.framework */ = {isa = PBXFileReference; explicitFileType = wrapper.framework; includeInIndex = 0; path = Pods_Dialog.framework; sourceTree = BUILT_PRODUCTS_DIR; };
		6B62624C585ED21909644189 /* Pods-Dialog.release.xcconfig */ = {isa = PBXFileReference; includeInIndex = 1; lastKnownFileType = text.xcconfig; name = "Pods-Dialog.release.xcconfig"; path = "Target Support Files/Pods-Dialog/Pods-Dialog.release.xcconfig"; sourceTree = "<group>"; };
		8037F620251A0F2D00FBD5B7 /* Dialog.swift */ = {isa = PBXFileReference; lastKnownFileType = sourcecode.swift; path = Dialog.swift; sourceTree = "<group>"; };
		EC158D72250388F000D627AC /* DialogSpeech.framework */ = {isa = PBXFileReference; lastKnownFileType = wrapper.framework; name = DialogSpeech.framework; path = Frameworks/DialogSpeech.framework; sourceTree = "<group>"; };
		EC158D7525038DCB00D627AC /* DialogNetworking.framework */ = {isa = PBXFileReference; lastKnownFileType = wrapper.framework; name = DialogNetworking.framework; path = EmbeddedContent/DialogNetworking.framework; sourceTree = "<group>"; };
		EC158D7625038DCB00D627AC /* DialogPrivateProfile.framework */ = {isa = PBXFileReference; lastKnownFileType = wrapper.framework; name = DialogPrivateProfile.framework; path = EmbeddedContent/DialogPrivateProfile.framework; sourceTree = "<group>"; };
		EC158D7725038DCB00D627AC /* DialogRx.framework */ = {isa = PBXFileReference; lastKnownFileType = wrapper.framework; name = DialogRx.framework; path = EmbeddedContent/DialogRx.framework; sourceTree = "<group>"; };
		EC158D7825038DCB00D627AC /* DialogFiles.framework */ = {isa = PBXFileReference; lastKnownFileType = wrapper.framework; name = DialogFiles.framework; path = EmbeddedContent/DialogFiles.framework; sourceTree = "<group>"; };
		EC158D7925038DCB00D627AC /* DialogSpeech.framework */ = {isa = PBXFileReference; lastKnownFileType = wrapper.framework; name = DialogSpeech.framework; path = EmbeddedContent/DialogSpeech.framework; sourceTree = "<group>"; };
		EC158D7A25038DCB00D627AC /* DialogPasscode.framework */ = {isa = PBXFileReference; lastKnownFileType = wrapper.framework; name = DialogPasscode.framework; path = EmbeddedContent/DialogPasscode.framework; sourceTree = "<group>"; };
		EC158D7B25038DCB00D627AC /* DialogStorage.framework */ = {isa = PBXFileReference; lastKnownFileType = wrapper.framework; name = DialogStorage.framework; path = EmbeddedContent/DialogStorage.framework; sourceTree = "<group>"; };
		EC158D7C25038DCB00D627AC /* DialogSharedComponents.framework */ = {isa = PBXFileReference; lastKnownFileType = wrapper.framework; name = DialogSharedComponents.framework; path = EmbeddedContent/DialogSharedComponents.framework; sourceTree = "<group>"; };
		EC158D7D25038DCB00D627AC /* DialogUserTiedSecIdentityStorage.framework */ = {isa = PBXFileReference; lastKnownFileType = wrapper.framework; name = DialogUserTiedSecIdentityStorage.framework; path = EmbeddedContent/DialogUserTiedSecIdentityStorage.framework; sourceTree = "<group>"; };
		EC158D7E25038DCB00D627AC /* DialogMuteSettingsService.framework */ = {isa = PBXFileReference; lastKnownFileType = wrapper.framework; name = DialogMuteSettingsService.framework; path = EmbeddedContent/DialogMuteSettingsService.framework; sourceTree = "<group>"; };
		EC158D7F25038DCB00D627AC /* DialogFeatureFlags.framework */ = {isa = PBXFileReference; lastKnownFileType = wrapper.framework; name = DialogFeatureFlags.framework; path = EmbeddedContent/DialogFeatureFlags.framework; sourceTree = "<group>"; };
		EC158D8025038DCB00D627AC /* DialogBasics.framework */ = {isa = PBXFileReference; lastKnownFileType = wrapper.framework; name = DialogBasics.framework; path = EmbeddedContent/DialogBasics.framework; sourceTree = "<group>"; };
		EC158D8125038DCB00D627AC /* DialogNotifications.framework */ = {isa = PBXFileReference; lastKnownFileType = wrapper.framework; name = DialogNotifications.framework; path = EmbeddedContent/DialogNotifications.framework; sourceTree = "<group>"; };
		EC158D8225038DCB00D627AC /* DialogCalls.framework */ = {isa = PBXFileReference; lastKnownFileType = wrapper.framework; name = DialogCalls.framework; path = EmbeddedContent/DialogCalls.framework; sourceTree = "<group>"; };
		EC158D8325038DCB00D627AC /* Dialog_iOS.framework */ = {isa = PBXFileReference; lastKnownFileType = wrapper.framework; name = Dialog_iOS.framework; path = EmbeddedContent/Dialog_iOS.framework; sourceTree = "<group>"; };
		EC158D8425038DCB00D627AC /* DialogSecureStorage.framework */ = {isa = PBXFileReference; lastKnownFileType = wrapper.framework; name = DialogSecureStorage.framework; path = EmbeddedContent/DialogSecureStorage.framework; sourceTree = "<group>"; };
		EC158D8525038DCB00D627AC /* DialogAuth.framework */ = {isa = PBXFileReference; lastKnownFileType = wrapper.framework; name = DialogAuth.framework; path = EmbeddedContent/DialogAuth.framework; sourceTree = "<group>"; };
		EC158D8625038DCC00D627AC /* DialogNetService.framework */ = {isa = PBXFileReference; lastKnownFileType = wrapper.framework; name = DialogNetService.framework; path = EmbeddedContent/DialogNetService.framework; sourceTree = "<group>"; };
		EC158D8725038DCC00D627AC /* DialogSwiftGRPCExtra.framework */ = {isa = PBXFileReference; lastKnownFileType = wrapper.framework; name = DialogSwiftGRPCExtra.framework; path = EmbeddedContent/DialogSwiftGRPCExtra.framework; sourceTree = "<group>"; };
		EC158D8825038DCC00D627AC /* DialogMessaging.framework */ = {isa = PBXFileReference; lastKnownFileType = wrapper.framework; name = DialogMessaging.framework; path = EmbeddedContent/DialogMessaging.framework; sourceTree = "<group>"; };
		EC158D8925038DCC00D627AC /* DialogProtocols.framework */ = {isa = PBXFileReference; lastKnownFileType = wrapper.framework; name = DialogProtocols.framework; path = EmbeddedContent/DialogProtocols.framework; sourceTree = "<group>"; };
		EC158D8A25038DCC00D627AC /* DialogSearching.framework */ = {isa = PBXFileReference; lastKnownFileType = wrapper.framework; name = DialogSearching.framework; path = EmbeddedContent/DialogSearching.framework; sourceTree = "<group>"; };
		EC158D8B25038DCC00D627AC /* DialogSettingsConfigService.framework */ = {isa = PBXFileReference; lastKnownFileType = wrapper.framework; name = DialogSettingsConfigService.framework; path = EmbeddedContent/DialogSettingsConfigService.framework; sourceTree = "<group>"; };
		EC158D8C25038DCC00D627AC /* OpusIOS.framework */ = {isa = PBXFileReference; lastKnownFileType = wrapper.framework; name = OpusIOS.framework; path = EmbeddedContent/OpusIOS.framework; sourceTree = "<group>"; };
		EC158D8D25038DCC00D627AC /* DialogFilter.framework */ = {isa = PBXFileReference; lastKnownFileType = wrapper.framework; name = DialogFilter.framework; path = EmbeddedContent/DialogFilter.framework; sourceTree = "<group>"; };
		EC158D8E25038DCC00D627AC /* DialogPasscodeUI.framework */ = {isa = PBXFileReference; lastKnownFileType = wrapper.framework; name = DialogPasscodeUI.framework; path = EmbeddedContent/DialogPasscodeUI.framework; sourceTree = "<group>"; };
		EC158D8F25038DCC00D627AC /* DialogMetrics.framework */ = {isa = PBXFileReference; lastKnownFileType = wrapper.framework; name = DialogMetrics.framework; path = EmbeddedContent/DialogMetrics.framework; sourceTree = "<group>"; };
		EC48E2CA24F9760F0089EF45 /* DialogAppDelegate.swift */ = {isa = PBXFileReference; fileEncoding = 4; lastKnownFileType = sourcecode.swift; path = DialogAppDelegate.swift; sourceTree = "<group>"; };
		EC9805D32515642B00FA257D /* DistributeProducts.sh */ = {isa = PBXFileReference; fileEncoding = 4; lastKnownFileType = text.script.sh; path = DistributeProducts.sh; sourceTree = "<group>"; };
		EC9F5EAD251BD4E1002615EB /* Dialog Notification Service.framework */ = {isa = PBXFileReference; explicitFileType = wrapper.framework; includeInIndex = 0; path = "Dialog Notification Service.framework"; sourceTree = BUILT_PRODUCTS_DIR; };
		EC9F5EC7251BD6DC002615EB /* Dialog Intents.framework */ = {isa = PBXFileReference; explicitFileType = wrapper.framework; includeInIndex = 0; path = "Dialog Intents.framework"; sourceTree = BUILT_PRODUCTS_DIR; };
		ECDE1B9D25004E3500FAC3D6 /* DialogPrivateProfile.framework */ = {isa = PBXFileReference; lastKnownFileType = wrapper.framework; name = DialogPrivateProfile.framework; path = Frameworks/DialogPrivateProfile.framework; sourceTree = "<group>"; };
		ECDE1B9E25004E3500FAC3D6 /* OpusIOS.framework */ = {isa = PBXFileReference; lastKnownFileType = wrapper.framework; name = OpusIOS.framework; path = Frameworks/OpusIOS.framework; sourceTree = "<group>"; };
		ECDE1B9F25004E3500FAC3D6 /* DLGPicker.framework */ = {isa = PBXFileReference; lastKnownFileType = wrapper.framework; name = DLGPicker.framework; path = Frameworks/DLGPicker.framework; sourceTree = "<group>"; };
		ECDE1BA025004E3500FAC3D6 /* DialogBasics.framework */ = {isa = PBXFileReference; lastKnownFileType = wrapper.framework; name = DialogBasics.framework; path = Frameworks/DialogBasics.framework; sourceTree = "<group>"; };
		ECDE1BA125004E3500FAC3D6 /* DialogCalls_GRPC.framework */ = {isa = PBXFileReference; lastKnownFileType = wrapper.framework; name = DialogCalls_GRPC.framework; path = Frameworks/DialogCalls_GRPC.framework; sourceTree = "<group>"; };
		ECDE1BA225004E3600FAC3D6 /* RxWebKit.framework */ = {isa = PBXFileReference; lastKnownFileType = wrapper.framework; name = RxWebKit.framework; path = Frameworks/RxWebKit.framework; sourceTree = "<group>"; };
		ECDE1BA325004E3600FAC3D6 /* RxLibrary.framework */ = {isa = PBXFileReference; lastKnownFileType = wrapper.framework; name = RxLibrary.framework; path = Frameworks/RxLibrary.framework; sourceTree = "<group>"; };
		ECDE1BA425004E3600FAC3D6 /* openssl_grpc.framework */ = {isa = PBXFileReference; lastKnownFileType = wrapper.framework; name = openssl_grpc.framework; path = Frameworks/openssl_grpc.framework; sourceTree = "<group>"; };
		ECDE1BA525004E3600FAC3D6 /* DialogMetrics.framework */ = {isa = PBXFileReference; lastKnownFileType = wrapper.framework; name = DialogMetrics.framework; path = Frameworks/DialogMetrics.framework; sourceTree = "<group>"; };
		ECDE1BA625004E3600FAC3D6 /* DialogProtocols.framework */ = {isa = PBXFileReference; lastKnownFileType = wrapper.framework; name = DialogProtocols.framework; path = Frameworks/DialogProtocols.framework; sourceTree = "<group>"; };
		ECDE1BA725004E3600FAC3D6 /* Reachability.framework */ = {isa = PBXFileReference; lastKnownFileType = wrapper.framework; name = Reachability.framework; path = Frameworks/Reachability.framework; sourceTree = "<group>"; };
		ECDE1BA825004E3600FAC3D6 /* DialogSharedComponents.framework */ = {isa = PBXFileReference; lastKnownFileType = wrapper.framework; name = DialogSharedComponents.framework; path = Frameworks/DialogSharedComponents.framework; sourceTree = "<group>"; };
		ECDE1BA925004E3600FAC3D6 /* SnapKit.framework */ = {isa = PBXFileReference; lastKnownFileType = wrapper.framework; name = SnapKit.framework; path = Frameworks/SnapKit.framework; sourceTree = "<group>"; };
		ECDE1BAA25004E3600FAC3D6 /* SwiftProtobuf.framework */ = {isa = PBXFileReference; lastKnownFileType = wrapper.framework; name = SwiftProtobuf.framework; path = Frameworks/SwiftProtobuf.framework; sourceTree = "<group>"; };
		ECDE1BAB25004E3600FAC3D6 /* DialogStorage.framework */ = {isa = PBXFileReference; lastKnownFileType = wrapper.framework; name = DialogStorage.framework; path = Frameworks/DialogStorage.framework; sourceTree = "<group>"; };
		ECDE1BAC25004E3600FAC3D6 /* DialogUserTiedSecIdentityStorage.framework */ = {isa = PBXFileReference; lastKnownFileType = wrapper.framework; name = DialogUserTiedSecIdentityStorage.framework; path = Frameworks/DialogUserTiedSecIdentityStorage.framework; sourceTree = "<group>"; };
		ECDE1BAD25004E3600FAC3D6 /* Cache.framework */ = {isa = PBXFileReference; lastKnownFileType = wrapper.framework; name = Cache.framework; path = Frameworks/Cache.framework; sourceTree = "<group>"; };
		ECDE1BAE25004E3600FAC3D6 /* DialogMuteSettingsService.framework */ = {isa = PBXFileReference; lastKnownFileType = wrapper.framework; name = DialogMuteSettingsService.framework; path = Frameworks/DialogMuteSettingsService.framework; sourceTree = "<group>"; };
		ECDE1BAF25004E3600FAC3D6 /* DialogFeatureFlags.framework */ = {isa = PBXFileReference; lastKnownFileType = wrapper.framework; name = DialogFeatureFlags.framework; path = Frameworks/DialogFeatureFlags.framework; sourceTree = "<group>"; };
		ECDE1BB025004E3600FAC3D6 /* DialogCalls.framework */ = {isa = PBXFileReference; lastKnownFileType = wrapper.framework; name = DialogCalls.framework; path = Frameworks/DialogCalls.framework; sourceTree = "<group>"; };
		ECDE1BB125004E3600FAC3D6 /* GRDB.framework */ = {isa = PBXFileReference; lastKnownFileType = wrapper.framework; name = GRDB.framework; path = Frameworks/GRDB.framework; sourceTree = "<group>"; };
		ECDE1BB225004E3600FAC3D6 /* DialogAuth.framework */ = {isa = PBXFileReference; lastKnownFileType = wrapper.framework; name = DialogAuth.framework; path = Frameworks/DialogAuth.framework; sourceTree = "<group>"; };
		ECDE1BB325004E3600FAC3D6 /* ProtoRPC.framework */ = {isa = PBXFileReference; lastKnownFileType = wrapper.framework; name = ProtoRPC.framework; path = Frameworks/ProtoRPC.framework; sourceTree = "<group>"; };
		ECDE1BB425004E3600FAC3D6 /* RSKImageCropper.framework */ = {isa = PBXFileReference; lastKnownFileType = wrapper.framework; name = RSKImageCropper.framework; path = Frameworks/RSKImageCropper.framework; sourceTree = "<group>"; };
		ECDE1BB525004E3600FAC3D6 /* nanopb.framework */ = {isa = PBXFileReference; lastKnownFileType = wrapper.framework; name = nanopb.framework; path = Frameworks/nanopb.framework; sourceTree = "<group>"; };
		ECDE1BB625004E3600FAC3D6 /* KeychainAccess.framework */ = {isa = PBXFileReference; lastKnownFileType = wrapper.framework; name = KeychainAccess.framework; path = Frameworks/KeychainAccess.framework; sourceTree = "<group>"; };
		ECDE1BB725004E3600FAC3D6 /* DialogFiles.framework */ = {isa = PBXFileReference; lastKnownFileType = wrapper.framework; name = DialogFiles.framework; path = Frameworks/DialogFiles.framework; sourceTree = "<group>"; };
		ECDE1BB825004E3600FAC3D6 /* RxAnimated.framework */ = {isa = PBXFileReference; lastKnownFileType = wrapper.framework; name = RxAnimated.framework; path = Frameworks/RxAnimated.framework; sourceTree = "<group>"; };
		ECDE1BB925004E3600FAC3D6 /* RxSwift.framework */ = {isa = PBXFileReference; lastKnownFileType = wrapper.framework; name = RxSwift.framework; path = Frameworks/RxSwift.framework; sourceTree = "<group>"; };
		ECDE1BBA25004E3600FAC3D6 /* Differentiator.framework */ = {isa = PBXFileReference; lastKnownFileType = wrapper.framework; name = Differentiator.framework; path = Frameworks/Differentiator.framework; sourceTree = "<group>"; };
		ECDE1BBB25004E3600FAC3D6 /* DialogNetService.framework */ = {isa = PBXFileReference; lastKnownFileType = wrapper.framework; name = DialogNetService.framework; path = Frameworks/DialogNetService.framework; sourceTree = "<group>"; };
		ECDE1BBC25004E3600FAC3D6 /* RxRelay.framework */ = {isa = PBXFileReference; lastKnownFileType = wrapper.framework; name = RxRelay.framework; path = Frameworks/RxRelay.framework; sourceTree = "<group>"; };
		ECDE1BBD25004E3600FAC3D6 /* openssl.framework */ = {isa = PBXFileReference; lastKnownFileType = wrapper.framework; name = openssl.framework; path = Frameworks/openssl.framework; sourceTree = "<group>"; };
		ECDE1BBE25004E3600FAC3D6 /* SwiftDate.framework */ = {isa = PBXFileReference; lastKnownFileType = wrapper.framework; name = SwiftDate.framework; path = Frameworks/SwiftDate.framework; sourceTree = "<group>"; };
		ECDE1BBF25004E3600FAC3D6 /* SwiftGRPC.framework */ = {isa = PBXFileReference; lastKnownFileType = wrapper.framework; name = SwiftGRPC.framework; path = Frameworks/SwiftGRPC.framework; sourceTree = "<group>"; };
		ECDE1BC025004E3600FAC3D6 /* DialogSwiftGRPCExtra.framework */ = {isa = PBXFileReference; lastKnownFileType = wrapper.framework; name = DialogSwiftGRPCExtra.framework; path = Frameworks/DialogSwiftGRPCExtra.framework; sourceTree = "<group>"; };
		ECDE1BC125004E3700FAC3D6 /* PINOperation.framework */ = {isa = PBXFileReference; lastKnownFileType = wrapper.framework; name = PINOperation.framework; path = Frameworks/PINOperation.framework; sourceTree = "<group>"; };
		ECDE1BC225004E3700FAC3D6 /* Dialog_iOS.framework */ = {isa = PBXFileReference; lastKnownFileType = wrapper.framework; name = Dialog_iOS.framework; path = Frameworks/Dialog_iOS.framework; sourceTree = "<group>"; };
		ECDE1BC325004E3700FAC3D6 /* RxGesture.framework */ = {isa = PBXFileReference; lastKnownFileType = wrapper.framework; name = RxGesture.framework; path = Frameworks/RxGesture.framework; sourceTree = "<group>"; };
		ECDE1BC425004E3700FAC3D6 /* DialogPasscode.framework */ = {isa = PBXFileReference; lastKnownFileType = wrapper.framework; name = DialogPasscode.framework; path = Frameworks/DialogPasscode.framework; sourceTree = "<group>"; };
		ECDE1BC525004E3700FAC3D6 /* RxDataSources.framework */ = {isa = PBXFileReference; lastKnownFileType = wrapper.framework; name = RxDataSources.framework; path = Frameworks/RxDataSources.framework; sourceTree = "<group>"; };
		ECDE1BC625004E3700FAC3D6 /* AsyncDisplayKit.framework */ = {isa = PBXFileReference; lastKnownFileType = wrapper.framework; name = AsyncDisplayKit.framework; path = Frameworks/AsyncDisplayKit.framework; sourceTree = "<group>"; };
		ECDE1BC725004E3700FAC3D6 /* RxTheme.framework */ = {isa = PBXFileReference; lastKnownFileType = wrapper.framework; name = RxTheme.framework; path = Frameworks/RxTheme.framework; sourceTree = "<group>"; };
		ECDE1BC825004E3700FAC3D6 /* RxASDataSources.framework */ = {isa = PBXFileReference; lastKnownFileType = wrapper.framework; name = RxASDataSources.framework; path = Frameworks/RxASDataSources.framework; sourceTree = "<group>"; };
		ECDE1BC925004E3700FAC3D6 /* DialogNetworking.framework */ = {isa = PBXFileReference; lastKnownFileType = wrapper.framework; name = DialogNetworking.framework; path = Frameworks/DialogNetworking.framework; sourceTree = "<group>"; };
		ECDE1BCA25004E3700FAC3D6 /* RxBiBinding.framework */ = {isa = PBXFileReference; lastKnownFileType = wrapper.framework; name = RxBiBinding.framework; path = Frameworks/RxBiBinding.framework; sourceTree = "<group>"; };
		ECDE1BCB25004E3700FAC3D6 /* FLAnimatedImage.framework */ = {isa = PBXFileReference; lastKnownFileType = wrapper.framework; name = FLAnimatedImage.framework; path = Frameworks/FLAnimatedImage.framework; sourceTree = "<group>"; };
		ECDE1BCC25004E3700FAC3D6 /* DialogSearching.framework */ = {isa = PBXFileReference; lastKnownFileType = wrapper.framework; name = DialogSearching.framework; path = Frameworks/DialogSearching.framework; sourceTree = "<group>"; };
		ECDE1BCD25004E3700FAC3D6 /* DialogSettingsConfigService.framework */ = {isa = PBXFileReference; lastKnownFileType = wrapper.framework; name = DialogSettingsConfigService.framework; path = Frameworks/DialogSettingsConfigService.framework; sourceTree = "<group>"; };
		ECDE1BCE25004E3700FAC3D6 /* DialogRx.framework */ = {isa = PBXFileReference; lastKnownFileType = wrapper.framework; name = DialogRx.framework; path = Frameworks/DialogRx.framework; sourceTree = "<group>"; };
		ECDE1BCF25004E3700FAC3D6 /* ViewAnimator.framework */ = {isa = PBXFileReference; lastKnownFileType = wrapper.framework; name = ViewAnimator.framework; path = Frameworks/ViewAnimator.framework; sourceTree = "<group>"; };
		ECDE1BD025004E3700FAC3D6 /* RxAlamofire.framework */ = {isa = PBXFileReference; lastKnownFileType = wrapper.framework; name = RxAlamofire.framework; path = Frameworks/RxAlamofire.framework; sourceTree = "<group>"; };
		ECDE1BD125004E3700FAC3D6 /* GRPCClient.framework */ = {isa = PBXFileReference; lastKnownFileType = wrapper.framework; name = GRPCClient.framework; path = Frameworks/GRPCClient.framework; sourceTree = "<group>"; };
		ECDE1BD225004E3700FAC3D6 /* Swinject.framework */ = {isa = PBXFileReference; lastKnownFileType = wrapper.framework; name = Swinject.framework; path = Frameworks/Swinject.framework; sourceTree = "<group>"; };
		ECDE1BD325004E3700FAC3D6 /* Alamofire.framework */ = {isa = PBXFileReference; lastKnownFileType = wrapper.framework; name = Alamofire.framework; path = Frameworks/Alamofire.framework; sourceTree = "<group>"; };
		ECDE1BD425004E3700FAC3D6 /* InputBarAccessoryView.framework */ = {isa = PBXFileReference; lastKnownFileType = wrapper.framework; name = InputBarAccessoryView.framework; path = Frameworks/InputBarAccessoryView.framework; sourceTree = "<group>"; };
		ECDE1BD525004E3700FAC3D6 /* PhoneNumberKit.framework */ = {isa = PBXFileReference; lastKnownFileType = wrapper.framework; name = PhoneNumberKit.framework; path = Frameworks/PhoneNumberKit.framework; sourceTree = "<group>"; };
		ECDE1BD625004E3700FAC3D6 /* RxKeyboard.framework */ = {isa = PBXFileReference; lastKnownFileType = wrapper.framework; name = RxKeyboard.framework; path = Frameworks/RxKeyboard.framework; sourceTree = "<group>"; };
		ECDE1BD725004E3700FAC3D6 /* XCoordinator.framework */ = {isa = PBXFileReference; lastKnownFileType = wrapper.framework; name = XCoordinator.framework; path = Frameworks/XCoordinator.framework; sourceTree = "<group>"; };
		ECDE1BD825004E3700FAC3D6 /* TrustKit.framework */ = {isa = PBXFileReference; lastKnownFileType = wrapper.framework; name = TrustKit.framework; path = Frameworks/TrustKit.framework; sourceTree = "<group>"; };
		ECDE1BD925004E3700FAC3D6 /* DialogMessaging.framework */ = {isa = PBXFileReference; lastKnownFileType = wrapper.framework; name = DialogMessaging.framework; path = Frameworks/DialogMessaging.framework; sourceTree = "<group>"; };
		ECDE1BDA25004E3700FAC3D6 /* WebRTC.framework */ = {isa = PBXFileReference; lastKnownFileType = wrapper.framework; name = WebRTC.framework; path = Frameworks/WebRTC.framework; sourceTree = "<group>"; };
		ECDE1BDB25004E3700FAC3D6 /* grpc.framework */ = {isa = PBXFileReference; lastKnownFileType = wrapper.framework; name = grpc.framework; path = Frameworks/grpc.framework; sourceTree = "<group>"; };
		ECDE1BDC25004E3800FAC3D6 /* DialogSDK_GRPC.framework */ = {isa = PBXFileReference; lastKnownFileType = wrapper.framework; name = DialogSDK_GRPC.framework; path = Frameworks/DialogSDK_GRPC.framework; sourceTree = "<group>"; };
		ECDE1BDD25004E3800FAC3D6 /* RxCocoa_Texture.framework */ = {isa = PBXFileReference; lastKnownFileType = wrapper.framework; name = RxCocoa_Texture.framework; path = Frameworks/RxCocoa_Texture.framework; sourceTree = "<group>"; };
		ECDE1BDE25004E3800FAC3D6 /* Protobuf.framework */ = {isa = PBXFileReference; lastKnownFileType = wrapper.framework; name = Protobuf.framework; path = Frameworks/Protobuf.framework; sourceTree = "<group>"; };
		ECDE1BDF25004E3800FAC3D6 /* PINRemoteImage.framework */ = {isa = PBXFileReference; lastKnownFileType = wrapper.framework; name = PINRemoteImage.framework; path = Frameworks/PINRemoteImage.framework; sourceTree = "<group>"; };
		ECDE1BE025004E3800FAC3D6 /* DialogFilter.framework */ = {isa = PBXFileReference; lastKnownFileType = wrapper.framework; name = DialogFilter.framework; path = Frameworks/DialogFilter.framework; sourceTree = "<group>"; };
		ECDE1BE125004E3800FAC3D6 /* RxSwiftExt.framework */ = {isa = PBXFileReference; lastKnownFileType = wrapper.framework; name = RxSwiftExt.framework; path = Frameworks/RxSwiftExt.framework; sourceTree = "<group>"; };
		ECDE1BE225004E3800FAC3D6 /* DialogSecureStorage.framework */ = {isa = PBXFileReference; lastKnownFileType = wrapper.framework; name = DialogSecureStorage.framework; path = Frameworks/DialogSecureStorage.framework; sourceTree = "<group>"; };
		ECDE1BE325004E3800FAC3D6 /* DialogNotifications.framework */ = {isa = PBXFileReference; lastKnownFileType = wrapper.framework; name = DialogNotifications.framework; path = Frameworks/DialogNotifications.framework; sourceTree = "<group>"; };
		ECDE1BE425004E3800FAC3D6 /* DialogPasscodeUI.framework */ = {isa = PBXFileReference; lastKnownFileType = wrapper.framework; name = DialogPasscodeUI.framework; path = Frameworks/DialogPasscodeUI.framework; sourceTree = "<group>"; };
		ECDE1BE525004E3800FAC3D6 /* Sodium.framework */ = {isa = PBXFileReference; lastKnownFileType = wrapper.framework; name = Sodium.framework; path = Frameworks/Sodium.framework; sourceTree = "<group>"; };
		ECDE1BE625004E3800FAC3D6 /* ObjcExceptionBridging.framework */ = {isa = PBXFileReference; lastKnownFileType = wrapper.framework; name = ObjcExceptionBridging.framework; path = Frameworks/ObjcExceptionBridging.framework; sourceTree = "<group>"; };
		ECDE1BE725004E3800FAC3D6 /* XCGLogger.framework */ = {isa = PBXFileReference; lastKnownFileType = wrapper.framework; name = XCGLogger.framework; path = Frameworks/XCGLogger.framework; sourceTree = "<group>"; };
		ECDE1BE825004E3800FAC3D6 /* RxCocoa.framework */ = {isa = PBXFileReference; lastKnownFileType = wrapper.framework; name = RxCocoa.framework; path = Frameworks/RxCocoa.framework; sourceTree = "<group>"; };
		ECDE1BE925004E3800FAC3D6 /* Sentry.framework */ = {isa = PBXFileReference; lastKnownFileType = wrapper.framework; name = Sentry.framework; path = Frameworks/Sentry.framework; sourceTree = "<group>"; };
		ECDE1BEA25004E3800FAC3D6 /* SQLCipher.framework */ = {isa = PBXFileReference; lastKnownFileType = wrapper.framework; name = SQLCipher.framework; path = Frameworks/SQLCipher.framework; sourceTree = "<group>"; };
		ECDE1BEB25004E3800FAC3D6 /* PINCache.framework */ = {isa = PBXFileReference; lastKnownFileType = wrapper.framework; name = PINCache.framework; path = Frameworks/PINCache.framework; sourceTree = "<group>"; };
		ECEC374224F8B9BD001FD1B9 /* Dialog.framework */ = {isa = PBXFileReference; explicitFileType = wrapper.framework; includeInIndex = 0; path = Dialog.framework; sourceTree = BUILT_PRODUCTS_DIR; };
		ECEC374524F8B9BD001FD1B9 /* Dialog.h */ = {isa = PBXFileReference; lastKnownFileType = sourcecode.c.h; path = Dialog.h; sourceTree = "<group>"; };
		ECEC374624F8B9BD001FD1B9 /* Info.plist */ = {isa = PBXFileReference; lastKnownFileType = text.plist.xml; path = Info.plist; sourceTree = "<group>"; };
		ECEC379424F8C55C001FD1B9 /* Dialog Share.framework */ = {isa = PBXFileReference; explicitFileType = wrapper.framework; includeInIndex = 0; path = "Dialog Share.framework"; sourceTree = BUILT_PRODUCTS_DIR; };
		ECEC379F24F8C560001FD1B9 /* Dialog Notification Content.framework */ = {isa = PBXFileReference; explicitFileType = wrapper.framework; includeInIndex = 0; path = "Dialog Notification Content.framework"; sourceTree = BUILT_PRODUCTS_DIR; };
		ECEC37B124F8CDB7001FD1B9 /* Info.plist */ = {isa = PBXFileReference; fileEncoding = 4; lastKnownFileType = text.plist.xml; path = Info.plist; sourceTree = "<group>"; };
		ECEC37B324F8CDEB001FD1B9 /* Info.plist */ = {isa = PBXFileReference; fileEncoding = 4; lastKnownFileType = text.plist.xml; path = Info.plist; sourceTree = "<group>"; };
		ECEC37B524F8CE2D001FD1B9 /* Info.plist */ = {isa = PBXFileReference; fileEncoding = 4; lastKnownFileType = text.plist.xml; path = Info.plist; sourceTree = "<group>"; };
		ECEC37B724F8CE62001FD1B9 /* Info.plist */ = {isa = PBXFileReference; fileEncoding = 4; lastKnownFileType = text.plist.xml; path = Info.plist; sourceTree = "<group>"; };
		ECEC37CA24F92243001FD1B9 /* CommonConfigurator.swift */ = {isa = PBXFileReference; fileEncoding = 4; lastKnownFileType = sourcecode.swift; path = CommonConfigurator.swift; sourceTree = "<group>"; };
		ECEC37CD24F92253001FD1B9 /* Configurator.swift */ = {isa = PBXFileReference; fileEncoding = 4; lastKnownFileType = sourcecode.swift; path = Configurator.swift; sourceTree = "<group>"; };
		EF9C6C16EF9203CE40006CAE /* Pods-Dialog.debug.xcconfig */ = {isa = PBXFileReference; includeInIndex = 1; lastKnownFileType = text.xcconfig; name = "Pods-Dialog.debug.xcconfig"; path = "Target Support Files/Pods-Dialog/Pods-Dialog.debug.xcconfig"; sourceTree = "<group>"; };
/* End PBXFileReference section */

/* Begin PBXFrameworksBuildPhase section */
		EC9F5EA8251BD4E1002615EB /* Frameworks */ = {
			isa = PBXFrameworksBuildPhase;
			buildActionMask = 2147483647;
			files = (
			);
			runOnlyForDeploymentPostprocessing = 0;
		};
		EC9F5EC2251BD6DC002615EB /* Frameworks */ = {
			isa = PBXFrameworksBuildPhase;
			buildActionMask = 2147483647;
			files = (
			);
			runOnlyForDeploymentPostprocessing = 0;
		};
		ECEC373F24F8B9BD001FD1B9 /* Frameworks */ = {
			isa = PBXFrameworksBuildPhase;
			buildActionMask = 2147483647;
			files = (
				ECAF99FD251CF53F009AFABB /* DialogRx.framework in Frameworks */,
				ECAF99F5251CF53E009AFABB /* DialogPasscode.framework in Frameworks */,
				ECAF99E7251CF53E009AFABB /* DialogFilter.framework in Frameworks */,
				ECAF99E5251CF53E009AFABB /* DialogFiles.framework in Frameworks */,
				ECAF99ED251CF53E009AFABB /* DialogMuteSettingsService.framework in Frameworks */,
				ECAF99DB251CF53E009AFABB /* Dialog_iOS.framework in Frameworks */,
				ECAF99DD251CF53E009AFABB /* DialogAuth.framework in Frameworks */,
				ECAF99F7251CF53F009AFABB /* DialogPasscodeUI.framework in Frameworks */,
				ECAF99EB251CF53E009AFABB /* DialogMetrics.framework in Frameworks */,
				ECAF99E9251CF53E009AFABB /* DialogMessaging.framework in Frameworks */,
				ECAF9A01251CF53F009AFABB /* DialogSecureStorage.framework in Frameworks */,
				ECAF9A09251CF53F009AFABB /* DialogStorage.framework in Frameworks */,
				ECAF99F9251CF53F009AFABB /* DialogPrivateProfile.framework in Frameworks */,
				D96A7B5F809CD8C2A40ABEAC /* Pods_Dialog.framework in Frameworks */,
				ECAF99DF251CF53E009AFABB /* DialogBasics.framework in Frameworks */,
				ECAF99FF251CF53F009AFABB /* DialogSearching.framework in Frameworks */,
				ECAF99F3251CF53E009AFABB /* DialogNotifications.framework in Frameworks */,
				ECAF9A0B251CF53F009AFABB /* DialogSwiftGRPCExtra.framework in Frameworks */,
				ECAF99E1251CF53E009AFABB /* DialogCalls.framework in Frameworks */,
				ECAF9A0F251CF53F009AFABB /* OpusIOS.framework in Frameworks */,
				ECAF9A05251CF53F009AFABB /* DialogSharedComponents.framework in Frameworks */,
				ECAF9A07251CF53F009AFABB /* DialogSpeech.framework in Frameworks */,
				ECAF9A03251CF53F009AFABB /* DialogSettingsConfigService.framework in Frameworks */,
				ECAF99FB251CF53F009AFABB /* DialogProtocols.framework in Frameworks */,
				ECAF99EF251CF53E009AFABB /* DialogNetService.framework in Frameworks */,
				ECAF99E3251CF53E009AFABB /* DialogFeatureFlags.framework in Frameworks */,
				ECAF9A0D251CF53F009AFABB /* DialogUserTiedSecIdentityStorage.framework in Frameworks */,
				ECAF99F1251CF53E009AFABB /* DialogNetworking.framework in Frameworks */,
			);
			runOnlyForDeploymentPostprocessing = 0;
		};
		ECEC378F24F8C55C001FD1B9 /* Frameworks */ = {
			isa = PBXFrameworksBuildPhase;
			buildActionMask = 2147483647;
			files = (
			);
			runOnlyForDeploymentPostprocessing = 0;
		};
		ECEC379A24F8C560001FD1B9 /* Frameworks */ = {
			isa = PBXFrameworksBuildPhase;
			buildActionMask = 2147483647;
			files = (
			);
			runOnlyForDeploymentPostprocessing = 0;
		};
/* End PBXFrameworksBuildPhase section */

/* Begin PBXGroup section */
		51C976A37ABFF6C1E77B7105 /* Pods */ = {
			isa = PBXGroup;
			children = (
				EF9C6C16EF9203CE40006CAE /* Pods-Dialog.debug.xcconfig */,
				6B62624C585ED21909644189 /* Pods-Dialog.release.xcconfig */,
			);
			path = Pods;
			sourceTree = "<group>";
		};
		6437E9D9EA4EE4D3558E8926 /* Frameworks */ = {
			isa = PBXGroup;
			children = (
				EC158D8A25038DCC00D627AC /* DialogSearching.framework */,
				EC158D8425038DCB00D627AC /* DialogSecureStorage.framework */,
				EC158D8B25038DCC00D627AC /* DialogSettingsConfigService.framework */,
				EC158D7C25038DCB00D627AC /* DialogSharedComponents.framework */,
				EC158D72250388F000D627AC /* DialogSpeech.framework */,
				EC158D8325038DCB00D627AC /* Dialog_iOS.framework */,
				EC158D8525038DCB00D627AC /* DialogAuth.framework */,
				EC158D8025038DCB00D627AC /* DialogBasics.framework */,
				EC158D8225038DCB00D627AC /* DialogCalls.framework */,
				EC158D7F25038DCB00D627AC /* DialogFeatureFlags.framework */,
				EC158D7825038DCB00D627AC /* DialogFiles.framework */,
				EC158D8D25038DCC00D627AC /* DialogFilter.framework */,
				EC158D8825038DCC00D627AC /* DialogMessaging.framework */,
				EC158D8F25038DCC00D627AC /* DialogMetrics.framework */,
				EC158D7E25038DCB00D627AC /* DialogMuteSettingsService.framework */,
				EC158D8625038DCC00D627AC /* DialogNetService.framework */,
				EC158D7525038DCB00D627AC /* DialogNetworking.framework */,
				EC158D8125038DCB00D627AC /* DialogNotifications.framework */,
				EC158D7A25038DCB00D627AC /* DialogPasscode.framework */,
				EC158D8E25038DCC00D627AC /* DialogPasscodeUI.framework */,
				EC158D7625038DCB00D627AC /* DialogPrivateProfile.framework */,
				EC158D8925038DCC00D627AC /* DialogProtocols.framework */,
				EC158D7725038DCB00D627AC /* DialogRx.framework */,
				EC158D7925038DCB00D627AC /* DialogSpeech.framework */,
				EC158D7B25038DCB00D627AC /* DialogStorage.framework */,
				EC158D8725038DCC00D627AC /* DialogSwiftGRPCExtra.framework */,
				EC158D7D25038DCB00D627AC /* DialogUserTiedSecIdentityStorage.framework */,
				EC158D8C25038DCC00D627AC /* OpusIOS.framework */,
				ECDE1BD325004E3700FAC3D6 /* Alamofire.framework */,
				ECDE1BC625004E3700FAC3D6 /* AsyncDisplayKit.framework */,
				ECDE1BAD25004E3600FAC3D6 /* Cache.framework */,
				ECDE1BC225004E3700FAC3D6 /* Dialog_iOS.framework */,
				ECDE1BB225004E3600FAC3D6 /* DialogAuth.framework */,
				ECDE1BA025004E3500FAC3D6 /* DialogBasics.framework */,
				ECDE1BA125004E3500FAC3D6 /* DialogCalls_GRPC.framework */,
				ECDE1BB025004E3600FAC3D6 /* DialogCalls.framework */,
				ECDE1BAF25004E3600FAC3D6 /* DialogFeatureFlags.framework */,
				ECDE1BB725004E3600FAC3D6 /* DialogFiles.framework */,
				ECDE1BE025004E3800FAC3D6 /* DialogFilter.framework */,
				ECDE1BD925004E3700FAC3D6 /* DialogMessaging.framework */,
				ECDE1BA525004E3600FAC3D6 /* DialogMetrics.framework */,
				ECDE1BAE25004E3600FAC3D6 /* DialogMuteSettingsService.framework */,
				ECDE1BBB25004E3600FAC3D6 /* DialogNetService.framework */,
				ECDE1BC925004E3700FAC3D6 /* DialogNetworking.framework */,
				ECDE1BE325004E3800FAC3D6 /* DialogNotifications.framework */,
				ECDE1BC425004E3700FAC3D6 /* DialogPasscode.framework */,
				ECDE1BE425004E3800FAC3D6 /* DialogPasscodeUI.framework */,
				ECDE1B9D25004E3500FAC3D6 /* DialogPrivateProfile.framework */,
				ECDE1BA625004E3600FAC3D6 /* DialogProtocols.framework */,
				ECDE1BCE25004E3700FAC3D6 /* DialogRx.framework */,
				ECDE1BDC25004E3800FAC3D6 /* DialogSDK_GRPC.framework */,
				ECDE1BCC25004E3700FAC3D6 /* DialogSearching.framework */,
				ECDE1BE225004E3800FAC3D6 /* DialogSecureStorage.framework */,
				ECDE1BCD25004E3700FAC3D6 /* DialogSettingsConfigService.framework */,
				ECDE1BA825004E3600FAC3D6 /* DialogSharedComponents.framework */,
				ECDE1BAB25004E3600FAC3D6 /* DialogStorage.framework */,
				ECDE1BC025004E3600FAC3D6 /* DialogSwiftGRPCExtra.framework */,
				ECDE1BAC25004E3600FAC3D6 /* DialogUserTiedSecIdentityStorage.framework */,
				ECDE1BBA25004E3600FAC3D6 /* Differentiator.framework */,
				ECDE1B9F25004E3500FAC3D6 /* DLGPicker.framework */,
				ECDE1BCB25004E3700FAC3D6 /* FLAnimatedImage.framework */,
				ECDE1BB125004E3600FAC3D6 /* GRDB.framework */,
				ECDE1BDB25004E3700FAC3D6 /* grpc.framework */,
				ECDE1BD125004E3700FAC3D6 /* GRPCClient.framework */,
				ECDE1BD425004E3700FAC3D6 /* InputBarAccessoryView.framework */,
				ECDE1BB625004E3600FAC3D6 /* KeychainAccess.framework */,
				ECDE1BB525004E3600FAC3D6 /* nanopb.framework */,
				ECDE1BE625004E3800FAC3D6 /* ObjcExceptionBridging.framework */,
				ECDE1BA425004E3600FAC3D6 /* openssl_grpc.framework */,
				ECDE1BBD25004E3600FAC3D6 /* openssl.framework */,
				ECDE1B9E25004E3500FAC3D6 /* OpusIOS.framework */,
				ECDE1BD525004E3700FAC3D6 /* PhoneNumberKit.framework */,
				ECDE1BEB25004E3800FAC3D6 /* PINCache.framework */,
				ECDE1BC125004E3700FAC3D6 /* PINOperation.framework */,
				ECDE1BDF25004E3800FAC3D6 /* PINRemoteImage.framework */,
				ECDE1BDE25004E3800FAC3D6 /* Protobuf.framework */,
				ECDE1BB325004E3600FAC3D6 /* ProtoRPC.framework */,
				ECDE1BA725004E3600FAC3D6 /* Reachability.framework */,
				ECDE1BB425004E3600FAC3D6 /* RSKImageCropper.framework */,
				ECDE1BD025004E3700FAC3D6 /* RxAlamofire.framework */,
				ECDE1BB825004E3600FAC3D6 /* RxAnimated.framework */,
				ECDE1BC825004E3700FAC3D6 /* RxASDataSources.framework */,
				ECDE1BCA25004E3700FAC3D6 /* RxBiBinding.framework */,
				ECDE1BDD25004E3800FAC3D6 /* RxCocoa_Texture.framework */,
				ECDE1BE825004E3800FAC3D6 /* RxCocoa.framework */,
				ECDE1BC525004E3700FAC3D6 /* RxDataSources.framework */,
				ECDE1BC325004E3700FAC3D6 /* RxGesture.framework */,
				ECDE1BD625004E3700FAC3D6 /* RxKeyboard.framework */,
				ECDE1BA325004E3600FAC3D6 /* RxLibrary.framework */,
				ECDE1BBC25004E3600FAC3D6 /* RxRelay.framework */,
				ECDE1BB925004E3600FAC3D6 /* RxSwift.framework */,
				ECDE1BE125004E3800FAC3D6 /* RxSwiftExt.framework */,
				ECDE1BC725004E3700FAC3D6 /* RxTheme.framework */,
				ECDE1BA225004E3600FAC3D6 /* RxWebKit.framework */,
				ECDE1BE925004E3800FAC3D6 /* Sentry.framework */,
				ECDE1BA925004E3600FAC3D6 /* SnapKit.framework */,
				ECDE1BE525004E3800FAC3D6 /* Sodium.framework */,
				ECDE1BEA25004E3800FAC3D6 /* SQLCipher.framework */,
				ECDE1BBE25004E3600FAC3D6 /* SwiftDate.framework */,
				ECDE1BBF25004E3600FAC3D6 /* SwiftGRPC.framework */,
				ECDE1BAA25004E3600FAC3D6 /* SwiftProtobuf.framework */,
				ECDE1BD225004E3700FAC3D6 /* Swinject.framework */,
				ECDE1BD825004E3700FAC3D6 /* TrustKit.framework */,
				ECDE1BCF25004E3700FAC3D6 /* ViewAnimator.framework */,
				ECDE1BDA25004E3700FAC3D6 /* WebRTC.framework */,
				ECDE1BE725004E3800FAC3D6 /* XCGLogger.framework */,
				ECDE1BD725004E3700FAC3D6 /* XCoordinator.framework */,
				4FF5EFDDD564241FCC95C841 /* Pods_Dialog.framework */,
			);
			name = Frameworks;
			sourceTree = "<group>";
		};
		EC9805CC251562FE00FA257D /* Utils */ = {
			isa = PBXGroup;
			children = (
				EC9805D32515642B00FA257D /* DistributeProducts.sh */,
			);
			path = Utils;
			sourceTree = "<group>";
		};
		ECEC373824F8B9BD001FD1B9 = {
			isa = PBXGroup;
			children = (
				ECEC374424F8B9BD001FD1B9 /* Sources */,
				EC9805CC251562FE00FA257D /* Utils */,
				ECEC374324F8B9BD001FD1B9 /* Products */,
				51C976A37ABFF6C1E77B7105 /* Pods */,
				6437E9D9EA4EE4D3558E8926 /* Frameworks */,
			);
			sourceTree = "<group>";
		};
		ECEC374324F8B9BD001FD1B9 /* Products */ = {
			isa = PBXGroup;
			children = (
				ECEC374224F8B9BD001FD1B9 /* Dialog.framework */,
				ECEC379424F8C55C001FD1B9 /* Dialog Share.framework */,
				ECEC379F24F8C560001FD1B9 /* Dialog Notification Content.framework */,
				EC9F5EAD251BD4E1002615EB /* Dialog Notification Service.framework */,
				EC9F5EC7251BD6DC002615EB /* Dialog Intents.framework */,
			);
			name = Products;
			sourceTree = "<group>";
		};
		ECEC374424F8B9BD001FD1B9 /* Sources */ = {
			isa = PBXGroup;
			children = (
				ECEC37B924F8CFBA001FD1B9 /* Common */,
				ECEC37AC24F8CC7B001FD1B9 /* Main */,
				ECEC37AD24F8CCC7001FD1B9 /* NotificationService */,
				ECEC37AE24F8CCF7001FD1B9 /* Share */,
				ECEC37AF24F8CD07001FD1B9 /* NotificationContent */,
				ECEC37B024F8CD11001FD1B9 /* Intents */,
			);
			path = Sources;
			sourceTree = "<group>";
		};
		ECEC37AC24F8CC7B001FD1B9 /* Main */ = {
			isa = PBXGroup;
			children = (
				EC48E2CA24F9760F0089EF45 /* DialogAppDelegate.swift */,
				ECEC37CD24F92253001FD1B9 /* Configurator.swift */,
				ECEC374624F8B9BD001FD1B9 /* Info.plist */,
				8037F620251A0F2D00FBD5B7 /* Dialog.swift */,
			);
			path = Main;
			sourceTree = "<group>";
		};
		ECEC37AD24F8CCC7001FD1B9 /* NotificationService */ = {
			isa = PBXGroup;
			children = (
				ECEC37B124F8CDB7001FD1B9 /* Info.plist */,
			);
			path = NotificationService;
			sourceTree = "<group>";
		};
		ECEC37AE24F8CCF7001FD1B9 /* Share */ = {
			isa = PBXGroup;
			children = (
				ECEC37B324F8CDEB001FD1B9 /* Info.plist */,
			);
			path = Share;
			sourceTree = "<group>";
		};
		ECEC37AF24F8CD07001FD1B9 /* NotificationContent */ = {
			isa = PBXGroup;
			children = (
				ECEC37B524F8CE2D001FD1B9 /* Info.plist */,
			);
			path = NotificationContent;
			sourceTree = "<group>";
		};
		ECEC37B024F8CD11001FD1B9 /* Intents */ = {
			isa = PBXGroup;
			children = (
				ECEC37B724F8CE62001FD1B9 /* Info.plist */,
			);
			path = Intents;
			sourceTree = "<group>";
		};
		ECEC37B924F8CFBA001FD1B9 /* Common */ = {
			isa = PBXGroup;
			children = (
				ECEC37CA24F92243001FD1B9 /* CommonConfigurator.swift */,
				ECEC374524F8B9BD001FD1B9 /* Dialog.h */,
			);
			path = Common;
			sourceTree = "<group>";
		};
/* End PBXGroup section */

/* Begin PBXHeadersBuildPhase section */
		EC9F5EA4251BD4E1002615EB /* Headers */ = {
			isa = PBXHeadersBuildPhase;
			buildActionMask = 2147483647;
			files = (
				EC9F5EA5251BD4E1002615EB /* Dialog.h in Headers */,
			);
			runOnlyForDeploymentPostprocessing = 0;
		};
		EC9F5EBE251BD6DC002615EB /* Headers */ = {
			isa = PBXHeadersBuildPhase;
			buildActionMask = 2147483647;
			files = (
				EC9F5EBF251BD6DC002615EB /* Dialog.h in Headers */,
			);
			runOnlyForDeploymentPostprocessing = 0;
		};
		ECEC373D24F8B9BD001FD1B9 /* Headers */ = {
			isa = PBXHeadersBuildPhase;
			buildActionMask = 2147483647;
			files = (
				ECEC374724F8B9BD001FD1B9 /* Dialog.h in Headers */,
			);
			runOnlyForDeploymentPostprocessing = 0;
		};
		ECEC378C24F8C55C001FD1B9 /* Headers */ = {
			isa = PBXHeadersBuildPhase;
			buildActionMask = 2147483647;
			files = (
				ECEC378D24F8C55C001FD1B9 /* Dialog.h in Headers */,
			);
			runOnlyForDeploymentPostprocessing = 0;
		};
		ECEC379724F8C560001FD1B9 /* Headers */ = {
			isa = PBXHeadersBuildPhase;
			buildActionMask = 2147483647;
			files = (
				ECEC379824F8C560001FD1B9 /* Dialog.h in Headers */,
			);
			runOnlyForDeploymentPostprocessing = 0;
		};
/* End PBXHeadersBuildPhase section */

/* Begin PBXNativeTarget section */
		EC9F5EA3251BD4E1002615EB /* Dialog Notification Service */ = {
			isa = PBXNativeTarget;
			buildConfigurationList = EC9F5EAA251BD4E1002615EB /* Build configuration list for PBXNativeTarget "Dialog Notification Service" */;
			buildPhases = (
				EC9F5EA4251BD4E1002615EB /* Headers */,
				EC9F5EA6251BD4E1002615EB /* Sources */,
				EC9F5EA8251BD4E1002615EB /* Frameworks */,
				EC9F5EA9251BD4E1002615EB /* Resources */,
			);
			buildRules = (
			);
			dependencies = (
			);
			name = "Dialog Notification Service";
			productName = Dialog;
			productReference = EC9F5EAD251BD4E1002615EB /* Dialog Notification Service.framework */;
			productType = "com.apple.product-type.framework";
		};
		EC9F5EBD251BD6DC002615EB /* Dialog Intents */ = {
			isa = PBXNativeTarget;
			buildConfigurationList = EC9F5EC4251BD6DC002615EB /* Build configuration list for PBXNativeTarget "Dialog Intents" */;
			buildPhases = (
				EC9F5EBE251BD6DC002615EB /* Headers */,
				EC9F5EC0251BD6DC002615EB /* Sources */,
				EC9F5EC2251BD6DC002615EB /* Frameworks */,
				EC9F5EC3251BD6DC002615EB /* Resources */,
			);
			buildRules = (
			);
			dependencies = (
			);
			name = "Dialog Intents";
			productName = Dialog;
			productReference = EC9F5EC7251BD6DC002615EB /* Dialog Intents.framework */;
			productType = "com.apple.product-type.framework";
		};
		ECEC374124F8B9BD001FD1B9 /* Dialog */ = {
			isa = PBXNativeTarget;
			buildConfigurationList = ECEC374A24F8B9BD001FD1B9 /* Build configuration list for PBXNativeTarget "Dialog" */;
			buildPhases = (
				C1D8888FD7E6E5A308BBC5D5 /* [CP] Check Pods Manifest.lock */,
				ECEC373D24F8B9BD001FD1B9 /* Headers */,
				ECEC373E24F8B9BD001FD1B9 /* Sources */,
				ECEC373F24F8B9BD001FD1B9 /* Frameworks */,
				ECEC374024F8B9BD001FD1B9 /* Resources */,
				EC9805D52515656000FA257D /* Distribute Products */,
				ECAF9A11251CF53F009AFABB /* Embed Frameworks */,
			);
			buildRules = (
			);
			dependencies = (
			);
			name = Dialog;
			productName = Dialog;
			productReference = ECEC374224F8B9BD001FD1B9 /* Dialog.framework */;
			productType = "com.apple.product-type.framework";
		};
		ECEC378B24F8C55C001FD1B9 /* Dialog Share */ = {
			isa = PBXNativeTarget;
			buildConfigurationList = ECEC379124F8C55C001FD1B9 /* Build configuration list for PBXNativeTarget "Dialog Share" */;
			buildPhases = (
				ECEC378C24F8C55C001FD1B9 /* Headers */,
				ECEC378E24F8C55C001FD1B9 /* Sources */,
				ECEC378F24F8C55C001FD1B9 /* Frameworks */,
				ECEC379024F8C55C001FD1B9 /* Resources */,
			);
			buildRules = (
			);
			dependencies = (
			);
			name = "Dialog Share";
			productName = Dialog;
			productReference = ECEC379424F8C55C001FD1B9 /* Dialog Share.framework */;
			productType = "com.apple.product-type.framework";
		};
		ECEC379624F8C560001FD1B9 /* Dialog Notification Content */ = {
			isa = PBXNativeTarget;
			buildConfigurationList = ECEC379C24F8C560001FD1B9 /* Build configuration list for PBXNativeTarget "Dialog Notification Content" */;
			buildPhases = (
				ECEC379724F8C560001FD1B9 /* Headers */,
				ECEC379924F8C560001FD1B9 /* Sources */,
				ECEC379A24F8C560001FD1B9 /* Frameworks */,
				ECEC379B24F8C560001FD1B9 /* Resources */,
			);
			buildRules = (
			);
			dependencies = (
			);
			name = "Dialog Notification Content";
			productName = Dialog;
			productReference = ECEC379F24F8C560001FD1B9 /* Dialog Notification Content.framework */;
			productType = "com.apple.product-type.framework";
		};
/* End PBXNativeTarget section */

/* Begin PBXProject section */
		ECEC373924F8B9BD001FD1B9 /* Project object */ = {
			isa = PBXProject;
			attributes = {
				LastUpgradeCheck = 1160;
				ORGANIZATIONNAME = DIALOG;
				TargetAttributes = {
					ECEC374124F8B9BD001FD1B9 = {
						CreatedOnToolsVersion = 11.6;
					};
				};
			};
			buildConfigurationList = ECEC373C24F8B9BD001FD1B9 /* Build configuration list for PBXProject "Dialog" */;
			compatibilityVersion = "Xcode 9.3";
			developmentRegion = en;
			hasScannedForEncodings = 0;
			knownRegions = (
				en,
				Base,
			);
			mainGroup = ECEC373824F8B9BD001FD1B9;
			productRefGroup = ECEC374324F8B9BD001FD1B9 /* Products */;
			projectDirPath = "";
			projectRoot = "";
			targets = (
				ECEC374124F8B9BD001FD1B9 /* Dialog */,
				EC9F5EA3251BD4E1002615EB /* Dialog Notification Service */,
				ECEC378B24F8C55C001FD1B9 /* Dialog Share */,
				ECEC379624F8C560001FD1B9 /* Dialog Notification Content */,
				EC9F5EBD251BD6DC002615EB /* Dialog Intents */,
			);
		};
/* End PBXProject section */

/* Begin PBXResourcesBuildPhase section */
		EC9F5EA9251BD4E1002615EB /* Resources */ = {
			isa = PBXResourcesBuildPhase;
			buildActionMask = 2147483647;
			files = (
			);
			runOnlyForDeploymentPostprocessing = 0;
		};
		EC9F5EC3251BD6DC002615EB /* Resources */ = {
			isa = PBXResourcesBuildPhase;
			buildActionMask = 2147483647;
			files = (
			);
			runOnlyForDeploymentPostprocessing = 0;
		};
		ECEC374024F8B9BD001FD1B9 /* Resources */ = {
			isa = PBXResourcesBuildPhase;
			buildActionMask = 2147483647;
			files = (
				EC9805D42515642B00FA257D /* DistributeProducts.sh in Resources */,
			);
			runOnlyForDeploymentPostprocessing = 0;
		};
		ECEC379024F8C55C001FD1B9 /* Resources */ = {
			isa = PBXResourcesBuildPhase;
			buildActionMask = 2147483647;
			files = (
			);
			runOnlyForDeploymentPostprocessing = 0;
		};
		ECEC379B24F8C560001FD1B9 /* Resources */ = {
			isa = PBXResourcesBuildPhase;
			buildActionMask = 2147483647;
			files = (
			);
			runOnlyForDeploymentPostprocessing = 0;
		};
/* End PBXResourcesBuildPhase section */

/* Begin PBXShellScriptBuildPhase section */
		C1D8888FD7E6E5A308BBC5D5 /* [CP] Check Pods Manifest.lock */ = {
			isa = PBXShellScriptBuildPhase;
			buildActionMask = 2147483647;
			files = (
			);
			inputFileListPaths = (
			);
			inputPaths = (
				"${PODS_PODFILE_DIR_PATH}/Podfile.lock",
				"${PODS_ROOT}/Manifest.lock",
			);
			name = "[CP] Check Pods Manifest.lock";
			outputFileListPaths = (
			);
			outputPaths = (
				"$(DERIVED_FILE_DIR)/Pods-Dialog-checkManifestLockResult.txt",
			);
			runOnlyForDeploymentPostprocessing = 0;
			shellPath = /bin/sh;
			shellScript = "diff \"${PODS_PODFILE_DIR_PATH}/Podfile.lock\" \"${PODS_ROOT}/Manifest.lock\" > /dev/null\nif [ $? != 0 ] ; then\n    # print error to STDERR\n    echo \"error: The sandbox is not in sync with the Podfile.lock. Run 'pod install' or update your CocoaPods installation.\" >&2\n    exit 1\nfi\n# This output is used by Xcode 'outputs' to avoid re-running this script phase.\necho \"SUCCESS\" > \"${SCRIPT_OUTPUT_FILE_0}\"\n";
			showEnvVarsInLog = 0;
		};
		EC9805D52515656000FA257D /* Distribute Products */ = {
			isa = PBXShellScriptBuildPhase;
			buildActionMask = 2147483647;
			files = (
			);
			inputFileListPaths = (
			);
			inputPaths = (
			);
			name = "Distribute Products";
			outputFileListPaths = (
			);
			outputPaths = (
			);
			runOnlyForDeploymentPostprocessing = 0;
			shellPath = /bin/sh;
			shellScript = "zsh \"$CONFIGURATION_BUILD_DIR/$CONTENTS_FOLDER_PATH/DistributeProducts.sh\"\n";
		};
/* End PBXShellScriptBuildPhase section */

/* Begin PBXSourcesBuildPhase section */
		EC9F5EA6251BD4E1002615EB /* Sources */ = {
			isa = PBXSourcesBuildPhase;
			buildActionMask = 2147483647;
			files = (
				EC9F5EA7251BD4E1002615EB /* CommonConfigurator.swift in Sources */,
			);
			runOnlyForDeploymentPostprocessing = 0;
		};
		EC9F5EC0251BD6DC002615EB /* Sources */ = {
			isa = PBXSourcesBuildPhase;
			buildActionMask = 2147483647;
			files = (
				EC9F5EC1251BD6DC002615EB /* CommonConfigurator.swift in Sources */,
			);
			runOnlyForDeploymentPostprocessing = 0;
		};
		ECEC373E24F8B9BD001FD1B9 /* Sources */ = {
			isa = PBXSourcesBuildPhase;
			buildActionMask = 2147483647;
			files = (
				ECEC37CF24F92253001FD1B9 /* Configurator.swift in Sources */,
				EC48E2CB24F9760F0089EF45 /* DialogAppDelegate.swift in Sources */,
				ECEC37CB24F92243001FD1B9 /* CommonConfigurator.swift in Sources */,
				8037F621251A0F2D00FBD5B7 /* Dialog.swift in Sources */,
			);
			runOnlyForDeploymentPostprocessing = 0;
		};
		ECEC378E24F8C55C001FD1B9 /* Sources */ = {
			isa = PBXSourcesBuildPhase;
			buildActionMask = 2147483647;
			files = (
				ECEC37D024F9226C001FD1B9 /* CommonConfigurator.swift in Sources */,
			);
			runOnlyForDeploymentPostprocessing = 0;
		};
		ECEC379924F8C560001FD1B9 /* Sources */ = {
			isa = PBXSourcesBuildPhase;
			buildActionMask = 2147483647;
			files = (
				ECEC37D124F9226D001FD1B9 /* CommonConfigurator.swift in Sources */,
			);
			runOnlyForDeploymentPostprocessing = 0;
		};
/* End PBXSourcesBuildPhase section */

/* Begin XCBuildConfiguration section */
		EC9F5EAB251BD4E1002615EB /* Debug */ = {
			isa = XCBuildConfiguration;
			buildSettings = {
				CODE_SIGN_STYLE = Automatic;
				DEFINES_MODULE = YES;
				DEVELOPMENT_TEAM = 928Y9276U3;
				DYLIB_COMPATIBILITY_VERSION = 1;
				DYLIB_CURRENT_VERSION = 1;
				DYLIB_INSTALL_NAME_BASE = "@rpath";
				INFOPLIST_FILE = Sources/NotificationService/Info.plist;
				INSTALL_PATH = "$(LOCAL_LIBRARY_DIR)/Frameworks";
				LD_RUNPATH_SEARCH_PATHS = (
					"$(inherited)",
					"@executable_path/Frameworks",
					"@loader_path/Frameworks",
				);
				PRODUCT_BUNDLE_IDENTIFIER = im.dlg.Dialog.NotificationService;
				PRODUCT_NAME = "$(TARGET_NAME)";
				SKIP_INSTALL = YES;
				SUPPORTS_MACCATALYST = NO;
				TARGETED_DEVICE_FAMILY = 1;
			};
			name = Debug;
		};
		EC9F5EAC251BD4E1002615EB /* Release */ = {
			isa = XCBuildConfiguration;
			buildSettings = {
				CODE_SIGN_STYLE = Automatic;
				DEFINES_MODULE = YES;
				DEVELOPMENT_TEAM = 928Y9276U3;
				DYLIB_COMPATIBILITY_VERSION = 1;
				DYLIB_CURRENT_VERSION = 1;
				DYLIB_INSTALL_NAME_BASE = "@rpath";
				INFOPLIST_FILE = Sources/NotificationService/Info.plist;
				INSTALL_PATH = "$(LOCAL_LIBRARY_DIR)/Frameworks";
				LD_RUNPATH_SEARCH_PATHS = (
					"$(inherited)",
					"@executable_path/Frameworks",
					"@loader_path/Frameworks",
				);
				PRODUCT_BUNDLE_IDENTIFIER = im.dlg.Dialog.NotificationService;
				PRODUCT_NAME = "$(TARGET_NAME)";
				SKIP_INSTALL = YES;
				SUPPORTS_MACCATALYST = NO;
				TARGETED_DEVICE_FAMILY = 1;
			};
			name = Release;
		};
		EC9F5EC5251BD6DC002615EB /* Debug */ = {
			isa = XCBuildConfiguration;
			buildSettings = {
				CODE_SIGN_STYLE = Automatic;
				DEFINES_MODULE = YES;
				DEVELOPMENT_TEAM = 928Y9276U3;
				DYLIB_COMPATIBILITY_VERSION = 1;
				DYLIB_CURRENT_VERSION = 1;
				DYLIB_INSTALL_NAME_BASE = "@rpath";
				INFOPLIST_FILE = Sources/Intents/Info.plist;
				INSTALL_PATH = "$(LOCAL_LIBRARY_DIR)/Frameworks";
				LD_RUNPATH_SEARCH_PATHS = (
					"$(inherited)",
					"@executable_path/Frameworks",
					"@loader_path/Frameworks",
				);
				PRODUCT_BUNDLE_IDENTIFIER = im.dlg.Dialog.Intents;
				PRODUCT_NAME = "$(TARGET_NAME)";
				SKIP_INSTALL = YES;
				SUPPORTS_MACCATALYST = NO;
				TARGETED_DEVICE_FAMILY = 1;
			};
			name = Debug;
		};
		EC9F5EC6251BD6DC002615EB /* Release */ = {
			isa = XCBuildConfiguration;
			buildSettings = {
				CODE_SIGN_STYLE = Automatic;
				DEFINES_MODULE = YES;
				DEVELOPMENT_TEAM = 928Y9276U3;
				DYLIB_COMPATIBILITY_VERSION = 1;
				DYLIB_CURRENT_VERSION = 1;
				DYLIB_INSTALL_NAME_BASE = "@rpath";
				INFOPLIST_FILE = Sources/Intents/Info.plist;
				INSTALL_PATH = "$(LOCAL_LIBRARY_DIR)/Frameworks";
				LD_RUNPATH_SEARCH_PATHS = (
					"$(inherited)",
					"@executable_path/Frameworks",
					"@loader_path/Frameworks",
				);
				PRODUCT_BUNDLE_IDENTIFIER = im.dlg.Dialog.Intents;
				PRODUCT_NAME = "$(TARGET_NAME)";
				SKIP_INSTALL = YES;
				SUPPORTS_MACCATALYST = NO;
				TARGETED_DEVICE_FAMILY = 1;
			};
			name = Release;
		};
		ECEC374824F8B9BD001FD1B9 /* Debug */ = {
			isa = XCBuildConfiguration;
			buildSettings = {
				ALWAYS_SEARCH_USER_PATHS = NO;
				CLANG_ANALYZER_NONNULL = YES;
				CLANG_ANALYZER_NUMBER_OBJECT_CONVERSION = YES_AGGRESSIVE;
				CLANG_CXX_LANGUAGE_STANDARD = "gnu++14";
				CLANG_CXX_LIBRARY = "libc++";
				CLANG_ENABLE_MODULES = YES;
				CLANG_ENABLE_OBJC_ARC = YES;
				CLANG_ENABLE_OBJC_WEAK = YES;
				CLANG_WARN_BLOCK_CAPTURE_AUTORELEASING = YES;
				CLANG_WARN_BOOL_CONVERSION = YES;
				CLANG_WARN_COMMA = YES;
				CLANG_WARN_CONSTANT_CONVERSION = YES;
				CLANG_WARN_DEPRECATED_OBJC_IMPLEMENTATIONS = YES;
				CLANG_WARN_DIRECT_OBJC_ISA_USAGE = YES_ERROR;
				CLANG_WARN_DOCUMENTATION_COMMENTS = YES;
				CLANG_WARN_EMPTY_BODY = YES;
				CLANG_WARN_ENUM_CONVERSION = YES;
				CLANG_WARN_INFINITE_RECURSION = YES;
				CLANG_WARN_INT_CONVERSION = YES;
				CLANG_WARN_NON_LITERAL_NULL_CONVERSION = YES;
				CLANG_WARN_OBJC_IMPLICIT_RETAIN_SELF = YES;
				CLANG_WARN_OBJC_LITERAL_CONVERSION = YES;
				CLANG_WARN_OBJC_ROOT_CLASS = YES_ERROR;
				CLANG_WARN_RANGE_LOOP_ANALYSIS = YES;
				CLANG_WARN_STRICT_PROTOTYPES = YES;
				CLANG_WARN_SUSPICIOUS_MOVE = YES;
				CLANG_WARN_UNGUARDED_AVAILABILITY = YES_AGGRESSIVE;
				CLANG_WARN_UNREACHABLE_CODE = YES;
				CLANG_WARN__DUPLICATE_METHOD_MATCH = YES;
				COPY_PHASE_STRIP = NO;
				CURRENT_PROJECT_VERSION = 1;
				DEBUG_INFORMATION_FORMAT = dwarf;
				DEPLOYMENT_POSTPROCESSING = YES;
				ENABLE_STRICT_OBJC_MSGSEND = YES;
				ENABLE_TESTABILITY = YES;
				GCC_C_LANGUAGE_STANDARD = gnu11;
				GCC_DYNAMIC_NO_PIC = NO;
				GCC_NO_COMMON_BLOCKS = YES;
				GCC_OPTIMIZATION_LEVEL = 0;
				GCC_PREPROCESSOR_DEFINITIONS = (
					"DEBUG=1",
					"$(inherited)",
				);
				GCC_WARN_64_TO_32_BIT_CONVERSION = YES;
				GCC_WARN_ABOUT_RETURN_TYPE = YES_ERROR;
				GCC_WARN_UNDECLARED_SELECTOR = YES;
				GCC_WARN_UNINITIALIZED_AUTOS = YES_AGGRESSIVE;
				GCC_WARN_UNUSED_FUNCTION = YES;
				GCC_WARN_UNUSED_VARIABLE = YES;
				IPHONEOS_DEPLOYMENT_TARGET = 11.0;
				MARKETING_VERSION = 2.7.1;
				MTL_ENABLE_DEBUG_INFO = INCLUDE_SOURCE;
				MTL_FAST_MATH = YES;
				ONLY_ACTIVE_ARCH = YES;
				SDKROOT = iphoneos;
				SWIFT_ACTIVE_COMPILATION_CONDITIONS = DEBUG;
				SWIFT_OPTIMIZATION_LEVEL = "-Onone";
				SWIFT_VERSION = 5.0;
				VERSIONING_SYSTEM = "apple-generic";
				VERSION_INFO_PREFIX = "";
			};
			name = Debug;
		};
		ECEC374924F8B9BD001FD1B9 /* Release */ = {
			isa = XCBuildConfiguration;
			buildSettings = {
				ALWAYS_SEARCH_USER_PATHS = NO;
				CLANG_ANALYZER_NONNULL = YES;
				CLANG_ANALYZER_NUMBER_OBJECT_CONVERSION = YES_AGGRESSIVE;
				CLANG_CXX_LANGUAGE_STANDARD = "gnu++14";
				CLANG_CXX_LIBRARY = "libc++";
				CLANG_ENABLE_MODULES = YES;
				CLANG_ENABLE_OBJC_ARC = YES;
				CLANG_ENABLE_OBJC_WEAK = YES;
				CLANG_WARN_BLOCK_CAPTURE_AUTORELEASING = YES;
				CLANG_WARN_BOOL_CONVERSION = YES;
				CLANG_WARN_COMMA = YES;
				CLANG_WARN_CONSTANT_CONVERSION = YES;
				CLANG_WARN_DEPRECATED_OBJC_IMPLEMENTATIONS = YES;
				CLANG_WARN_DIRECT_OBJC_ISA_USAGE = YES_ERROR;
				CLANG_WARN_DOCUMENTATION_COMMENTS = YES;
				CLANG_WARN_EMPTY_BODY = YES;
				CLANG_WARN_ENUM_CONVERSION = YES;
				CLANG_WARN_INFINITE_RECURSION = YES;
				CLANG_WARN_INT_CONVERSION = YES;
				CLANG_WARN_NON_LITERAL_NULL_CONVERSION = YES;
				CLANG_WARN_OBJC_IMPLICIT_RETAIN_SELF = YES;
				CLANG_WARN_OBJC_LITERAL_CONVERSION = YES;
				CLANG_WARN_OBJC_ROOT_CLASS = YES_ERROR;
				CLANG_WARN_RANGE_LOOP_ANALYSIS = YES;
				CLANG_WARN_STRICT_PROTOTYPES = YES;
				CLANG_WARN_SUSPICIOUS_MOVE = YES;
				CLANG_WARN_UNGUARDED_AVAILABILITY = YES_AGGRESSIVE;
				CLANG_WARN_UNREACHABLE_CODE = YES;
				CLANG_WARN__DUPLICATE_METHOD_MATCH = YES;
				COPY_PHASE_STRIP = NO;
				CURRENT_PROJECT_VERSION = 1;
				DEBUG_INFORMATION_FORMAT = "dwarf-with-dsym";
				DEPLOYMENT_POSTPROCESSING = YES;
				ENABLE_NS_ASSERTIONS = NO;
				ENABLE_STRICT_OBJC_MSGSEND = YES;
				GCC_C_LANGUAGE_STANDARD = gnu11;
				GCC_NO_COMMON_BLOCKS = YES;
				GCC_WARN_64_TO_32_BIT_CONVERSION = YES;
				GCC_WARN_ABOUT_RETURN_TYPE = YES_ERROR;
				GCC_WARN_UNDECLARED_SELECTOR = YES;
				GCC_WARN_UNINITIALIZED_AUTOS = YES_AGGRESSIVE;
				GCC_WARN_UNUSED_FUNCTION = YES;
				GCC_WARN_UNUSED_VARIABLE = YES;
				IPHONEOS_DEPLOYMENT_TARGET = 11.0;
				MARKETING_VERSION = 2.7.1;
				MTL_ENABLE_DEBUG_INFO = NO;
				MTL_FAST_MATH = YES;
				SDKROOT = iphoneos;
				SWIFT_COMPILATION_MODE = wholemodule;
				SWIFT_OPTIMIZATION_LEVEL = "-O";
				SWIFT_VERSION = 5.0;
				VALIDATE_PRODUCT = YES;
				VERSIONING_SYSTEM = "apple-generic";
				VERSION_INFO_PREFIX = "";
			};
			name = Release;
		};
		ECEC374B24F8B9BD001FD1B9 /* Debug */ = {
			isa = XCBuildConfiguration;
			baseConfigurationReference = EF9C6C16EF9203CE40006CAE /* Pods-Dialog.debug.xcconfig */;
			buildSettings = {
				CODE_SIGN_STYLE = Automatic;
				DEFINES_MODULE = YES;
				DEVELOPMENT_TEAM = 928Y9276U3;
				DYLIB_COMPATIBILITY_VERSION = 1;
				DYLIB_CURRENT_VERSION = 1;
				DYLIB_INSTALL_NAME_BASE = "@rpath";
				FRAMEWORK_SEARCH_PATHS = (
					"$(inherited)",
					"$(PROJECT_DIR)/EmbeddedContent",
				);
				INFOPLIST_FILE = Sources/Main/Info.plist;
				INSTALL_PATH = "$(LOCAL_LIBRARY_DIR)/Frameworks";
				LD_RUNPATH_SEARCH_PATHS = (
					"$(inherited)",
					"@executable_path/Frameworks",
					"@loader_path/Frameworks",
				);
				PRODUCT_BUNDLE_IDENTIFIER = im.dlg.Dialog;
				PRODUCT_NAME = "$(TARGET_NAME:c99extidentifier)";
				SKIP_INSTALL = YES;
				SUPPORTS_MACCATALYST = NO;
				TARGETED_DEVICE_FAMILY = 1;
			};
			name = Debug;
		};
		ECEC374C24F8B9BD001FD1B9 /* Release */ = {
			isa = XCBuildConfiguration;
			baseConfigurationReference = 6B62624C585ED21909644189 /* Pods-Dialog.release.xcconfig */;
			buildSettings = {
				CODE_SIGN_STYLE = Automatic;
				DEFINES_MODULE = YES;
				DEVELOPMENT_TEAM = 928Y9276U3;
				DYLIB_COMPATIBILITY_VERSION = 1;
				DYLIB_CURRENT_VERSION = 1;
				DYLIB_INSTALL_NAME_BASE = "@rpath";
				FRAMEWORK_SEARCH_PATHS = (
					"$(inherited)",
					"$(PROJECT_DIR)/EmbeddedContent",
				);
				INFOPLIST_FILE = Sources/Main/Info.plist;
				INSTALL_PATH = "$(LOCAL_LIBRARY_DIR)/Frameworks";
				LD_RUNPATH_SEARCH_PATHS = (
					"$(inherited)",
					"@executable_path/Frameworks",
					"@loader_path/Frameworks",
				);
				PRODUCT_BUNDLE_IDENTIFIER = im.dlg.Dialog;
				PRODUCT_NAME = "$(TARGET_NAME:c99extidentifier)";
				SKIP_INSTALL = YES;
				SUPPORTS_MACCATALYST = NO;
				TARGETED_DEVICE_FAMILY = 1;
			};
			name = Release;
		};
		ECEC379224F8C55C001FD1B9 /* Debug */ = {
			isa = XCBuildConfiguration;
			buildSettings = {
				CODE_SIGN_STYLE = Automatic;
				DEFINES_MODULE = YES;
				DEVELOPMENT_TEAM = 928Y9276U3;
				DYLIB_COMPATIBILITY_VERSION = 1;
				DYLIB_CURRENT_VERSION = 1;
				DYLIB_INSTALL_NAME_BASE = "@rpath";
				INFOPLIST_FILE = Sources/Share/Info.plist;
				INSTALL_PATH = "$(LOCAL_LIBRARY_DIR)/Frameworks";
				LD_RUNPATH_SEARCH_PATHS = (
					"$(inherited)",
					"@executable_path/Frameworks",
					"@loader_path/Frameworks",
				);
				PRODUCT_BUNDLE_IDENTIFIER = im.dlg.Dialog.Share;
				PRODUCT_NAME = "$(TARGET_NAME)";
				SKIP_INSTALL = YES;
				SUPPORTS_MACCATALYST = NO;
				TARGETED_DEVICE_FAMILY = 1;
			};
			name = Debug;
		};
		ECEC379324F8C55C001FD1B9 /* Release */ = {
			isa = XCBuildConfiguration;
			buildSettings = {
				CODE_SIGN_STYLE = Automatic;
				DEFINES_MODULE = YES;
				DEVELOPMENT_TEAM = 928Y9276U3;
				DYLIB_COMPATIBILITY_VERSION = 1;
				DYLIB_CURRENT_VERSION = 1;
				DYLIB_INSTALL_NAME_BASE = "@rpath";
				INFOPLIST_FILE = Sources/Share/Info.plist;
				INSTALL_PATH = "$(LOCAL_LIBRARY_DIR)/Frameworks";
				LD_RUNPATH_SEARCH_PATHS = (
					"$(inherited)",
					"@executable_path/Frameworks",
					"@loader_path/Frameworks",
				);
				PRODUCT_BUNDLE_IDENTIFIER = im.dlg.Dialog.Share;
				PRODUCT_NAME = "$(TARGET_NAME)";
				SKIP_INSTALL = YES;
				SUPPORTS_MACCATALYST = NO;
				TARGETED_DEVICE_FAMILY = 1;
			};
			name = Release;
		};
		ECEC379D24F8C560001FD1B9 /* Debug */ = {
			isa = XCBuildConfiguration;
			buildSettings = {
				CODE_SIGN_STYLE = Automatic;
				DEFINES_MODULE = YES;
				DEVELOPMENT_TEAM = 928Y9276U3;
				DYLIB_COMPATIBILITY_VERSION = 1;
				DYLIB_CURRENT_VERSION = 1;
				DYLIB_INSTALL_NAME_BASE = "@rpath";
				INFOPLIST_FILE = Sources/NotificationContent/Info.plist;
				INSTALL_PATH = "$(LOCAL_LIBRARY_DIR)/Frameworks";
				LD_RUNPATH_SEARCH_PATHS = (
					"$(inherited)",
					"@executable_path/Frameworks",
					"@loader_path/Frameworks",
				);
				PRODUCT_BUNDLE_IDENTIFIER = im.dlg.Dialog.NotificationContent;
				PRODUCT_NAME = "$(TARGET_NAME)";
				SKIP_INSTALL = YES;
				SUPPORTS_MACCATALYST = NO;
				TARGETED_DEVICE_FAMILY = 1;
			};
			name = Debug;
		};
		ECEC379E24F8C560001FD1B9 /* Release */ = {
			isa = XCBuildConfiguration;
			buildSettings = {
				CODE_SIGN_STYLE = Automatic;
				DEFINES_MODULE = YES;
				DEVELOPMENT_TEAM = 928Y9276U3;
				DYLIB_COMPATIBILITY_VERSION = 1;
				DYLIB_CURRENT_VERSION = 1;
				DYLIB_INSTALL_NAME_BASE = "@rpath";
				INFOPLIST_FILE = Sources/NotificationContent/Info.plist;
				INSTALL_PATH = "$(LOCAL_LIBRARY_DIR)/Frameworks";
				LD_RUNPATH_SEARCH_PATHS = (
					"$(inherited)",
					"@executable_path/Frameworks",
					"@loader_path/Frameworks",
				);
				PRODUCT_BUNDLE_IDENTIFIER = im.dlg.Dialog.NotificationContent;
				PRODUCT_NAME = "$(TARGET_NAME)";
				SKIP_INSTALL = YES;
				SUPPORTS_MACCATALYST = NO;
				TARGETED_DEVICE_FAMILY = 1;
			};
			name = Release;
		};
/* End XCBuildConfiguration section */

/* Begin XCConfigurationList section */
		EC9F5EAA251BD4E1002615EB /* Build configuration list for PBXNativeTarget "Dialog Notification Service" */ = {
			isa = XCConfigurationList;
			buildConfigurations = (
				EC9F5EAB251BD4E1002615EB /* Debug */,
				EC9F5EAC251BD4E1002615EB /* Release */,
			);
			defaultConfigurationIsVisible = 0;
			defaultConfigurationName = Release;
		};
		EC9F5EC4251BD6DC002615EB /* Build configuration list for PBXNativeTarget "Dialog Intents" */ = {
			isa = XCConfigurationList;
			buildConfigurations = (
				EC9F5EC5251BD6DC002615EB /* Debug */,
				EC9F5EC6251BD6DC002615EB /* Release */,
			);
			defaultConfigurationIsVisible = 0;
			defaultConfigurationName = Release;
		};
		ECEC373C24F8B9BD001FD1B9 /* Build configuration list for PBXProject "Dialog" */ = {
			isa = XCConfigurationList;
			buildConfigurations = (
				ECEC374824F8B9BD001FD1B9 /* Debug */,
				ECEC374924F8B9BD001FD1B9 /* Release */,
			);
			defaultConfigurationIsVisible = 0;
			defaultConfigurationName = Release;
		};
		ECEC374A24F8B9BD001FD1B9 /* Build configuration list for PBXNativeTarget "Dialog" */ = {
			isa = XCConfigurationList;
			buildConfigurations = (
				ECEC374B24F8B9BD001FD1B9 /* Debug */,
				ECEC374C24F8B9BD001FD1B9 /* Release */,
			);
			defaultConfigurationIsVisible = 0;
			defaultConfigurationName = Release;
		};
		ECEC379124F8C55C001FD1B9 /* Build configuration list for PBXNativeTarget "Dialog Share" */ = {
			isa = XCConfigurationList;
			buildConfigurations = (
				ECEC379224F8C55C001FD1B9 /* Debug */,
				ECEC379324F8C55C001FD1B9 /* Release */,
			);
			defaultConfigurationIsVisible = 0;
			defaultConfigurationName = Release;
		};
		ECEC379C24F8C560001FD1B9 /* Build configuration list for PBXNativeTarget "Dialog Notification Content" */ = {
			isa = XCConfigurationList;
			buildConfigurations = (
				ECEC379D24F8C560001FD1B9 /* Debug */,
				ECEC379E24F8C560001FD1B9 /* Release */,
			);
			defaultConfigurationIsVisible = 0;
			defaultConfigurationName = Release;
		};
/* End XCConfigurationList section */
	};
	rootObject = ECEC373924F8B9BD001FD1B9 /* Project object */;
}
